// !$*UTF8*$!
{
	archiveVersion = 1;
	classes = {
	};
	objectVersion = 46;
	objects = {

/* Begin PBXBuildFile section */
		3E06EB4614DC8A3300BA055D /* ISPasteboardVC.m in Sources */ = {isa = PBXBuildFile; fileRef = 3E06EB4514DC8A3300BA055D /* ISPasteboardVC.m */; };
		3E06EB4914DC8CA100BA055D /* paperclip.png in Resources */ = {isa = PBXBuildFile; fileRef = 3E06EB4714DC8CA100BA055D /* paperclip.png */; };
		3E06EB4A14DC8CA100BA055D /* paperclip@2x.png in Resources */ = {isa = PBXBuildFile; fileRef = 3E06EB4814DC8CA100BA055D /* paperclip@2x.png */; };
		3E06EB4D14DC939100BA055D /* ISContactVC.m in Sources */ = {isa = PBXBuildFile; fileRef = 3E06EB4C14DC939100BA055D /* ISContactVC.m */; };
		3E06EB5614DC940400BA055D /* ISCalendarVC.m in Sources */ = {isa = PBXBuildFile; fileRef = 3E06EB5514DC940400BA055D /* ISCalendarVC.m */; };
		3E06EB5914DC94CF00BA055D /* user.png in Resources */ = {isa = PBXBuildFile; fileRef = 3E06EB5714DC94CF00BA055D /* user.png */; };
		3E06EB5A14DC94CF00BA055D /* user@2x.png in Resources */ = {isa = PBXBuildFile; fileRef = 3E06EB5814DC94CF00BA055D /* user@2x.png */; };
		3E06EB5D14DC99CD00BA055D /* calendar.png in Resources */ = {isa = PBXBuildFile; fileRef = 3E06EB5B14DC99CD00BA055D /* calendar.png */; };
		3E06EB5E14DC99CD00BA055D /* calendar@2x.png in Resources */ = {isa = PBXBuildFile; fileRef = 3E06EB5C14DC99CD00BA055D /* calendar@2x.png */; };
		3E06EB6114DC9A6400BA055D /* photos.png in Resources */ = {isa = PBXBuildFile; fileRef = 3E06EB5F14DC9A6400BA055D /* photos.png */; };
		3E06EB6214DC9A6400BA055D /* photos@2x.png in Resources */ = {isa = PBXBuildFile; fileRef = 3E06EB6014DC9A6400BA055D /* photos@2x.png */; };
		3E2B4F8D14E583890090D948 /* ISPasteboardView.m in Sources */ = {isa = PBXBuildFile; fileRef = 3E2B4F8C14E583890090D948 /* ISPasteboardView.m */; };
		3E2B4F9014E58E530090D948 /* ISPasteboardObject.m in Sources */ = {isa = PBXBuildFile; fileRef = 3E2B4F8F14E58E520090D948 /* ISPasteboardObject.m */; };
		3E2B4F9314E5CA620090D948 /* AssetsLibrary.framework in Frameworks */ = {isa = PBXBuildFile; fileRef = 3E2B4F9114E5CA520090D948 /* AssetsLibrary.framework */; };
		3E8E300C14EB381A008F08B5 /* handmadepaper@2x.png in Resources */ = {isa = PBXBuildFile; fileRef = 3E8E300B14EB381A008F08B5 /* handmadepaper@2x.png */; };
		3E9A375614DCB377007B6DD7 /* MobileCoreServices.framework in Frameworks */ = {isa = PBXBuildFile; fileRef = 3E9A375414DCB350007B6DD7 /* MobileCoreServices.framework */; };
		3E9A376514DCBAC7007B6DD7 /* UIImage+Alpha.m in Sources */ = {isa = PBXBuildFile; fileRef = 3E9A376014DCBAC7007B6DD7 /* UIImage+Alpha.m */; settings = {COMPILER_FLAGS = "-fno-objc-arc"; }; };
		3E9A376614DCBAC7007B6DD7 /* UIImage+Resize.m in Sources */ = {isa = PBXBuildFile; fileRef = 3E9A376214DCBAC7007B6DD7 /* UIImage+Resize.m */; settings = {COMPILER_FLAGS = "-fno-objc-arc"; }; };
		3E9A376714DCBAC7007B6DD7 /* UIImage+RoundedCorner.m in Sources */ = {isa = PBXBuildFile; fileRef = 3E9A376414DCBAC7007B6DD7 /* UIImage+RoundedCorner.m */; settings = {COMPILER_FLAGS = "-fno-objc-arc"; }; };
		3E9A376D14DCC0EB007B6DD7 /* CoreLocation.framework in Frameworks */ = {isa = PBXBuildFile; fileRef = 3E9A376B14DCC0E3007B6DD7 /* CoreLocation.framework */; };
		3EC3F0AA14DD8BD100BAFD1A /* ISDoodleRecognizingGestureRecognizer.m in Sources */ = {isa = PBXBuildFile; fileRef = 3EC3F0A914DD8BD100BAFD1A /* ISDoodleRecognizingGestureRecognizer.m */; };
		3EC3F0C014DD9B3600BAFD1A /* NSString+URLEncoding.m in Sources */ = {isa = PBXBuildFile; fileRef = 3EC3F0BF14DD9B3600BAFD1A /* NSString+URLEncoding.m */; };
		7932E64D14DDD74400E1A017 /* NICellFactory.m in Sources */ = {isa = PBXBuildFile; fileRef = 7932E64514DDD74400E1A017 /* NICellFactory.m */; };
		7932E64E14DDD74400E1A017 /* NIFormCellCatalog.m in Sources */ = {isa = PBXBuildFile; fileRef = 7932E64714DDD74400E1A017 /* NIFormCellCatalog.m */; };
		7932E64F14DDD74400E1A017 /* NITableViewModel.m in Sources */ = {isa = PBXBuildFile; fileRef = 7932E64B14DDD74400E1A017 /* NITableViewModel.m */; };
		7932E65614DDD75400E1A017 /* NINetworkImageRequest.m in Sources */ = {isa = PBXBuildFile; fileRef = 7932E65314DDD75400E1A017 /* NINetworkImageRequest.m */; };
		7932E65714DDD75400E1A017 /* NINetworkImageView.m in Sources */ = {isa = PBXBuildFile; fileRef = 7932E65514DDD75400E1A017 /* NINetworkImageView.m */; };
		7935171A14DDA6DC000E406C /* UIApplication+ISApplicationAddtions.m in Sources */ = {isa = PBXBuildFile; fileRef = 7935171914DDA6DC000E406C /* UIApplication+ISApplicationAddtions.m */; };
		793517D314DDD6EB000E406C /* NIBlocks.h in Sources */ = {isa = PBXBuildFile; fileRef = 7962729214DC865700E5D17A /* NIBlocks.h */; };
		793517D414DDD6EB000E406C /* NICommonMetrics.h in Sources */ = {isa = PBXBuildFile; fileRef = 7962729314DC865700E5D17A /* NICommonMetrics.h */; };
		793517D514DDD6EB000E406C /* NICommonMetrics.m in Sources */ = {isa = PBXBuildFile; fileRef = 7962729414DC865700E5D17A /* NICommonMetrics.m */; };
		793517D614DDD6EB000E406C /* NIDataStructures.h in Sources */ = {isa = PBXBuildFile; fileRef = 7962729514DC865700E5D17A /* NIDataStructures.h */; };
		793517D714DDD6EB000E406C /* NIDataStructures.m in Sources */ = {isa = PBXBuildFile; fileRef = 7962729614DC865700E5D17A /* NIDataStructures.m */; };
		793517D814DDD6EB000E406C /* NIDebuggingTools.h in Sources */ = {isa = PBXBuildFile; fileRef = 7962729714DC865700E5D17A /* NIDebuggingTools.h */; };
		793517D914DDD6EB000E406C /* NIDebuggingTools.m in Sources */ = {isa = PBXBuildFile; fileRef = 7962729814DC865700E5D17A /* NIDebuggingTools.m */; };
		793517DA14DDD6EB000E406C /* NIDeviceOrientation.h in Sources */ = {isa = PBXBuildFile; fileRef = 7962729914DC865700E5D17A /* NIDeviceOrientation.h */; };
		793517DB14DDD6EB000E406C /* NIDeviceOrientation.m in Sources */ = {isa = PBXBuildFile; fileRef = 7962729A14DC865700E5D17A /* NIDeviceOrientation.m */; };
		793517DC14DDD6EB000E406C /* NIError.h in Sources */ = {isa = PBXBuildFile; fileRef = 7962729B14DC865700E5D17A /* NIError.h */; };
		793517DD14DDD6EB000E406C /* NIError.m in Sources */ = {isa = PBXBuildFile; fileRef = 7962729C14DC865700E5D17A /* NIError.m */; };
		793517DE14DDD6EB000E406C /* NIFoundationMethods.h in Sources */ = {isa = PBXBuildFile; fileRef = 7962729D14DC865700E5D17A /* NIFoundationMethods.h */; };
		793517DF14DDD6EB000E406C /* NIFoundationMethods.m in Sources */ = {isa = PBXBuildFile; fileRef = 7962729E14DC865700E5D17A /* NIFoundationMethods.m */; };
		793517E014DDD6EB000E406C /* NIInMemoryCache.h in Sources */ = {isa = PBXBuildFile; fileRef = 7962729F14DC865700E5D17A /* NIInMemoryCache.h */; };
		793517E114DDD6EB000E406C /* NIInMemoryCache.m in Sources */ = {isa = PBXBuildFile; fileRef = 796272A014DC865700E5D17A /* NIInMemoryCache.m */; };
		793517E214DDD6EB000E406C /* NimbusCore+Additions.h in Sources */ = {isa = PBXBuildFile; fileRef = 796272A114DC865700E5D17A /* NimbusCore+Additions.h */; };
		793517E314DDD6EB000E406C /* NimbusCore+Namespace.h in Sources */ = {isa = PBXBuildFile; fileRef = 796272A214DC865700E5D17A /* NimbusCore+Namespace.h */; };
		793517E414DDD6EB000E406C /* NimbusCore.h in Sources */ = {isa = PBXBuildFile; fileRef = 796272A314DC865700E5D17A /* NimbusCore.h */; };
		793517E514DDD6EB000E406C /* NINavigationAppearance.h in Sources */ = {isa = PBXBuildFile; fileRef = 796272A414DC865700E5D17A /* NINavigationAppearance.h */; };
		793517E614DDD6EB000E406C /* NINavigationAppearance.m in Sources */ = {isa = PBXBuildFile; fileRef = 796272A514DC865700E5D17A /* NINavigationAppearance.m */; };
		793517E714DDD6EB000E406C /* NINetworkActivity.h in Sources */ = {isa = PBXBuildFile; fileRef = 796272A614DC865700E5D17A /* NINetworkActivity.h */; };
		793517E814DDD6EB000E406C /* NINetworkActivity.m in Sources */ = {isa = PBXBuildFile; fileRef = 796272A714DC865700E5D17A /* NINetworkActivity.m */; };
		793517E914DDD6EB000E406C /* NINonEmptyCollectionTesting.h in Sources */ = {isa = PBXBuildFile; fileRef = 796272A814DC865700E5D17A /* NINonEmptyCollectionTesting.h */; };
		793517EA14DDD6EB000E406C /* NINonEmptyCollectionTesting.m in Sources */ = {isa = PBXBuildFile; fileRef = 796272A914DC865700E5D17A /* NINonEmptyCollectionTesting.m */; };
		793517EB14DDD6EB000E406C /* NINonRetainingCollections.h in Sources */ = {isa = PBXBuildFile; fileRef = 796272AA14DC865700E5D17A /* NINonRetainingCollections.h */; };
		793517EC14DDD6EB000E406C /* NINonRetainingCollections.m in Sources */ = {isa = PBXBuildFile; fileRef = 796272AB14DC865700E5D17A /* NINonRetainingCollections.m */; };
		793517ED14DDD6EB000E406C /* NIOperations+Subclassing.h in Sources */ = {isa = PBXBuildFile; fileRef = 796272AC14DC865700E5D17A /* NIOperations+Subclassing.h */; };
		793517EE14DDD6EB000E406C /* NIOperations.h in Sources */ = {isa = PBXBuildFile; fileRef = 796272AD14DC865700E5D17A /* NIOperations.h */; };
		793517EF14DDD6EB000E406C /* NIOperations.m in Sources */ = {isa = PBXBuildFile; fileRef = 796272AE14DC865700E5D17A /* NIOperations.m */; };
		793517F014DDD6EB000E406C /* NIPaths.h in Sources */ = {isa = PBXBuildFile; fileRef = 796272AF14DC865700E5D17A /* NIPaths.h */; };
		793517F114DDD6EB000E406C /* NIPaths.m in Sources */ = {isa = PBXBuildFile; fileRef = 796272B014DC865700E5D17A /* NIPaths.m */; };
		793517F214DDD6EB000E406C /* NIPreprocessorMacros.h in Sources */ = {isa = PBXBuildFile; fileRef = 796272B114DC865700E5D17A /* NIPreprocessorMacros.h */; };
		793517F314DDD6EB000E406C /* NIRuntimeClassModifications.h in Sources */ = {isa = PBXBuildFile; fileRef = 796272B214DC865700E5D17A /* NIRuntimeClassModifications.h */; };
		793517F414DDD6EB000E406C /* NIRuntimeClassModifications.m in Sources */ = {isa = PBXBuildFile; fileRef = 796272B314DC865700E5D17A /* NIRuntimeClassModifications.m */; };
		793517F514DDD6EB000E406C /* NISDKAvailability.h in Sources */ = {isa = PBXBuildFile; fileRef = 796272B414DC865700E5D17A /* NISDKAvailability.h */; };
		793517F614DDD6EB000E406C /* NISDKAvailability.m in Sources */ = {isa = PBXBuildFile; fileRef = 796272B514DC865700E5D17A /* NISDKAvailability.m */; };
		793517F714DDD6EB000E406C /* NIState.h in Sources */ = {isa = PBXBuildFile; fileRef = 796272B614DC865700E5D17A /* NIState.h */; };
		793517F814DDD6EB000E406C /* NIState.m in Sources */ = {isa = PBXBuildFile; fileRef = 796272B714DC865700E5D17A /* NIState.m */; };
		793517F914DDD6EB000E406C /* NIViewRecycler.h in Sources */ = {isa = PBXBuildFile; fileRef = 796272B814DC865700E5D17A /* NIViewRecycler.h */; };
		793517FA14DDD6EB000E406C /* NIViewRecycler.m in Sources */ = {isa = PBXBuildFile; fileRef = 796272B914DC865700E5D17A /* NIViewRecycler.m */; };
		793517FB14DDD6EB000E406C /* NSData+NimbusCore.h in Sources */ = {isa = PBXBuildFile; fileRef = 796272BA14DC865700E5D17A /* NSData+NimbusCore.h */; };
		793517FC14DDD6EB000E406C /* NSData+NimbusCore.m in Sources */ = {isa = PBXBuildFile; fileRef = 796272BB14DC865700E5D17A /* NSData+NimbusCore.m */; };
		793517FD14DDD6EB000E406C /* NSString+NimbusCore.h in Sources */ = {isa = PBXBuildFile; fileRef = 796272BC14DC865700E5D17A /* NSString+NimbusCore.h */; };
		793517FE14DDD6EB000E406C /* NSString+NimbusCore.m in Sources */ = {isa = PBXBuildFile; fileRef = 796272BD14DC865700E5D17A /* NSString+NimbusCore.m */; };
		793517FF14DDD6EB000E406C /* UIView+NimbusCore.h in Sources */ = {isa = PBXBuildFile; fileRef = 796272BE14DC865700E5D17A /* UIView+NimbusCore.h */; };
		7935180014DDD6EB000E406C /* UIView+NimbusCore.m in Sources */ = {isa = PBXBuildFile; fileRef = 796272BF14DC865700E5D17A /* UIView+NimbusCore.m */; };
		79527C7314E0CD06003002AF /* NSDate+Relative.m in Sources */ = {isa = PBXBuildFile; fileRef = 79527C7214E0CD06003002AF /* NSDate+Relative.m */; };
		79527C8A14E36254003002AF /* ISPreviewVC.m in Sources */ = {isa = PBXBuildFile; fileRef = 79527C8914E36254003002AF /* ISPreviewVC.m */; };
		79527C9714E3692E003002AF /* ISPreviewMapViewVC.m in Sources */ = {isa = PBXBuildFile; fileRef = 79527C9614E3692E003002AF /* ISPreviewMapViewVC.m */; };
		79527C9A14E36945003002AF /* ISPreviewWebViewVC.m in Sources */ = {isa = PBXBuildFile; fileRef = 79527C9914E36944003002AF /* ISPreviewWebViewVC.m */; };
		79527CBA14E46FB4003002AF /* previewVCActionButtonsBGTile.png in Resources */ = {isa = PBXBuildFile; fileRef = 79527CB914E46FB4003002AF /* previewVCActionButtonsBGTile.png */; };
		7959A54714E7698100020F6B /* libKal.a in Frameworks */ = {isa = PBXBuildFile; fileRef = 7959A54414E7696800020F6B /* libKal.a */; };
		7959A55714E769F000020F6B /* ISTabVC.m in Sources */ = {isa = PBXBuildFile; fileRef = 7959A55614E769F000020F6B /* ISTabVC.m */; };
		7959A55914E7729100020F6B /* Kal.bundle in Resources */ = {isa = PBXBuildFile; fileRef = 7959A55814E7729100020F6B /* Kal.bundle */; };
		7959A56214E779F500020F6B /* ISEventKitDataSource.m in Sources */ = {isa = PBXBuildFile; fileRef = 7959A56114E779F500020F6B /* ISEventKitDataSource.m */; };
		7959A57914E77B9B00020F6B /* EventKit.framework in Frameworks */ = {isa = PBXBuildFile; fileRef = 7959A57514E77B8700020F6B /* EventKit.framework */; };
		7959A57A14E77B9B00020F6B /* EventKitUI.framework in Frameworks */ = {isa = PBXBuildFile; fileRef = 7959A57614E77B8700020F6B /* EventKitUI.framework */; };
		796271D214DC788200E5D17A /* UIKit.framework in Frameworks */ = {isa = PBXBuildFile; fileRef = 796271D114DC788200E5D17A /* UIKit.framework */; };
		796271D414DC788200E5D17A /* Foundation.framework in Frameworks */ = {isa = PBXBuildFile; fileRef = 796271D314DC788200E5D17A /* Foundation.framework */; };
		796271D614DC788200E5D17A /* CoreGraphics.framework in Frameworks */ = {isa = PBXBuildFile; fileRef = 796271D514DC788200E5D17A /* CoreGraphics.framework */; };
		796271D814DC788200E5D17A /* CoreData.framework in Frameworks */ = {isa = PBXBuildFile; fileRef = 796271D714DC788200E5D17A /* CoreData.framework */; };
		796271DE14DC788200E5D17A /* InfoPlist.strings in Resources */ = {isa = PBXBuildFile; fileRef = 796271DC14DC788200E5D17A /* InfoPlist.strings */; };
		796271E014DC788200E5D17A /* main.m in Sources */ = {isa = PBXBuildFile; fileRef = 796271DF14DC788200E5D17A /* main.m */; };
		796271E414DC788200E5D17A /* ISAppDelegate.m in Sources */ = {isa = PBXBuildFile; fileRef = 796271E314DC788200E5D17A /* ISAppDelegate.m */; };
		796271E714DC788200E5D17A /* swyp.xcdatamodeld in Sources */ = {isa = PBXBuildFile; fileRef = 796271E514DC788200E5D17A /* swyp.xcdatamodeld */; };
		7962720A14DC799000E5D17A /* liblibSwyp.a in Frameworks */ = {isa = PBXBuildFile; fileRef = 796271FD14DC792C00E5D17A /* liblibSwyp.a */; };
		7962721014DC79A300E5D17A /* GameKit.framework in Frameworks */ = {isa = PBXBuildFile; fileRef = 7962720B14DC79A300E5D17A /* GameKit.framework */; };
		7962721114DC79A300E5D17A /* SystemConfiguration.framework in Frameworks */ = {isa = PBXBuildFile; fileRef = 7962720C14DC79A300E5D17A /* SystemConfiguration.framework */; };
		7962721214DC79A300E5D17A /* CoreFoundation.framework in Frameworks */ = {isa = PBXBuildFile; fileRef = 7962720D14DC79A300E5D17A /* CoreFoundation.framework */; };
		7962721314DC79A300E5D17A /* CFNetwork.framework in Frameworks */ = {isa = PBXBuildFile; fileRef = 7962720E14DC79A300E5D17A /* CFNetwork.framework */; };
		7962721414DC79A300E5D17A /* Security.framework in Frameworks */ = {isa = PBXBuildFile; fileRef = 7962720F14DC79A300E5D17A /* Security.framework */; };
		7962726A14DC7D2700E5D17A /* ISSwypActionSelectorVC.m in Sources */ = {isa = PBXBuildFile; fileRef = 7962726914DC7D2700E5D17A /* ISSwypActionSelectorVC.m */; };
		7962726C14DC802600E5D17A /* ISHistoryScrollVC.m in Sources */ = {isa = PBXBuildFile; fileRef = 7962726B14DC802600E5D17A /* ISHistoryScrollVC.m */; };
		7962728014DC81D100E5D17A /* bluetooth-logo-enabled.png in Resources */ = {isa = PBXBuildFile; fileRef = 7962727114DC81D100E5D17A /* bluetooth-logo-enabled.png */; };
		7962728114DC81D100E5D17A /* bluetooth-logo-enabled@2x.png in Resources */ = {isa = PBXBuildFile; fileRef = 7962727214DC81D100E5D17A /* bluetooth-logo-enabled@2x.png */; };
		7962728214DC81D100E5D17A /* connectivity-bluetooth-disabled.png in Resources */ = {isa = PBXBuildFile; fileRef = 7962727314DC81D100E5D17A /* connectivity-bluetooth-disabled.png */; };
		7962728314DC81D100E5D17A /* connectivity-bluetooth-disabled@2x.png in Resources */ = {isa = PBXBuildFile; fileRef = 7962727414DC81D100E5D17A /* connectivity-bluetooth-disabled@2x.png */; };
		7962728414DC81D100E5D17A /* connectivity-bluetooth-enabled.png in Resources */ = {isa = PBXBuildFile; fileRef = 7962727514DC81D100E5D17A /* connectivity-bluetooth-enabled.png */; };
		7962728514DC81D100E5D17A /* connectivity-bluetooth-enabled@2x.png in Resources */ = {isa = PBXBuildFile; fileRef = 7962727614DC81D100E5D17A /* connectivity-bluetooth-enabled@2x.png */; };
		7962728614DC81D100E5D17A /* connectivity-world-disabled.png in Resources */ = {isa = PBXBuildFile; fileRef = 7962727714DC81D100E5D17A /* connectivity-world-disabled.png */; };
		7962728714DC81D100E5D17A /* connectivity-world-disabled@2x.png in Resources */ = {isa = PBXBuildFile; fileRef = 7962727814DC81D100E5D17A /* connectivity-world-disabled@2x.png */; };
		7962728814DC81D100E5D17A /* connectivity-world-enabled.png in Resources */ = {isa = PBXBuildFile; fileRef = 7962727914DC81D100E5D17A /* connectivity-world-enabled.png */; };
		7962728914DC81D100E5D17A /* connectivity-world-enabled@2x.png in Resources */ = {isa = PBXBuildFile; fileRef = 7962727A14DC81D100E5D17A /* connectivity-world-enabled@2x.png */; };
		7962728A14DC81D100E5D17A /* swypPromptHud.png in Resources */ = {isa = PBXBuildFile; fileRef = 7962727B14DC81D100E5D17A /* swypPromptHud.png */; };
		7962728B14DC81D100E5D17A /* swypPromptHud@2x.png in Resources */ = {isa = PBXBuildFile; fileRef = 7962727C14DC81D100E5D17A /* swypPromptHud@2x.png */; };
		7962728C14DC81D100E5D17A /* swypWorkspaceBackground.png in Resources */ = {isa = PBXBuildFile; fileRef = 7962727D14DC81D100E5D17A /* swypWorkspaceBackground.png */; };
		7962728D14DC81D100E5D17A /* top_curl.png in Resources */ = {isa = PBXBuildFile; fileRef = 7962727E14DC81D100E5D17A /* top_curl.png */; };
		7962728E14DC81D100E5D17A /* top_curl@2x.png in Resources */ = {isa = PBXBuildFile; fileRef = 7962727F14DC81D100E5D17A /* top_curl@2x.png */; };
		7962729014DC81DD00E5D17A /* historyBGTile.png in Resources */ = {isa = PBXBuildFile; fileRef = 7962728F14DC81DD00E5D17A /* historyBGTile.png */; };
		7962735E14DCBF3500E5D17A /* ISHistoryCell.m in Sources */ = {isa = PBXBuildFile; fileRef = 7962735414DCBF3500E5D17A /* ISHistoryCell.m */; };
		79925D5F14E6C34900FE2412 /* ISSwypHistoryItem.m in Sources */ = {isa = PBXBuildFile; fileRef = 79925D5E14E6C34900FE2412 /* ISSwypHistoryItem.m */; };
		79925D6014E6C35E00FE2412 /* ISSwypHistoryItem.h in Sources */ = {isa = PBXBuildFile; fileRef = 79925D5D14E6C34900FE2412 /* ISSwypHistoryItem.h */; };
		79F213EC14E6B37D00442CD2 /* UIWindow+ISUXAddons.m in Sources */ = {isa = PBXBuildFile; fileRef = 79F213EB14E6B37D00442CD2 /* UIWindow+ISUXAddons.m */; };
/* End PBXBuildFile section */

/* Begin PBXContainerItemProxy section */
		7959A54314E7696800020F6B /* PBXContainerItemProxy */ = {
			isa = PBXContainerItemProxy;
			containerPortal = 7959A53C14E7696700020F6B /* Kal.xcodeproj */;
			proxyType = 2;
			remoteGlobalIDString = D2AAC07E0554694100DB518D;
			remoteInfo = Kal;
		};
		7959A54514E7697C00020F6B /* PBXContainerItemProxy */ = {
			isa = PBXContainerItemProxy;
			containerPortal = 7959A53C14E7696700020F6B /* Kal.xcodeproj */;
			proxyType = 1;
			remoteGlobalIDString = D2AAC07D0554694100DB518D;
			remoteInfo = Kal;
		};
		796271FC14DC792C00E5D17A /* PBXContainerItemProxy */ = {
			isa = PBXContainerItemProxy;
			containerPortal = 796271F514DC792C00E5D17A /* libSwyp.xcodeproj */;
			proxyType = 2;
			remoteGlobalIDString = D2AAC07E0554694100DB518D;
			remoteInfo = libSwyp;
		};
		7962720814DC798800E5D17A /* PBXContainerItemProxy */ = {
			isa = PBXContainerItemProxy;
			containerPortal = 796271F514DC792C00E5D17A /* libSwyp.xcodeproj */;
			proxyType = 1;
			remoteGlobalIDString = D2AAC07D0554694100DB518D;
			remoteInfo = libSwyp;
		};
/* End PBXContainerItemProxy section */

/* Begin PBXFileReference section */
		3E06EB4414DC8A3300BA055D /* ISPasteboardVC.h */ = {isa = PBXFileReference; fileEncoding = 4; lastKnownFileType = sourcecode.c.h; name = ISPasteboardVC.h; path = swyp/ISPasteboardVC.h; sourceTree = "<group>"; };
		3E06EB4514DC8A3300BA055D /* ISPasteboardVC.m */ = {isa = PBXFileReference; fileEncoding = 4; lastKnownFileType = sourcecode.c.objc; name = ISPasteboardVC.m; path = swyp/ISPasteboardVC.m; sourceTree = "<group>"; };
		3E06EB4714DC8CA100BA055D /* paperclip.png */ = {isa = PBXFileReference; lastKnownFileType = image.png; name = paperclip.png; path = resources/paperclip.png; sourceTree = SOURCE_ROOT; };
		3E06EB4814DC8CA100BA055D /* paperclip@2x.png */ = {isa = PBXFileReference; lastKnownFileType = image.png; name = "paperclip@2x.png"; path = "resources/paperclip@2x.png"; sourceTree = SOURCE_ROOT; };
		3E06EB4B14DC939100BA055D /* ISContactVC.h */ = {isa = PBXFileReference; fileEncoding = 4; lastKnownFileType = sourcecode.c.h; name = ISContactVC.h; path = swyp/ISContactVC.h; sourceTree = "<group>"; };
		3E06EB4C14DC939100BA055D /* ISContactVC.m */ = {isa = PBXFileReference; fileEncoding = 4; lastKnownFileType = sourcecode.c.objc; name = ISContactVC.m; path = swyp/ISContactVC.m; sourceTree = "<group>"; };
		3E06EB5414DC940400BA055D /* ISCalendarVC.h */ = {isa = PBXFileReference; fileEncoding = 4; lastKnownFileType = sourcecode.c.h; name = ISCalendarVC.h; path = swyp/ISCalendarVC.h; sourceTree = "<group>"; };
		3E06EB5514DC940400BA055D /* ISCalendarVC.m */ = {isa = PBXFileReference; fileEncoding = 4; lastKnownFileType = sourcecode.c.objc; name = ISCalendarVC.m; path = swyp/ISCalendarVC.m; sourceTree = "<group>"; };
		3E06EB5714DC94CF00BA055D /* user.png */ = {isa = PBXFileReference; lastKnownFileType = image.png; name = user.png; path = resources/user.png; sourceTree = SOURCE_ROOT; };
		3E06EB5814DC94CF00BA055D /* user@2x.png */ = {isa = PBXFileReference; lastKnownFileType = image.png; name = "user@2x.png"; path = "resources/user@2x.png"; sourceTree = SOURCE_ROOT; };
		3E06EB5B14DC99CD00BA055D /* calendar.png */ = {isa = PBXFileReference; lastKnownFileType = image.png; name = calendar.png; path = resources/calendar.png; sourceTree = SOURCE_ROOT; };
		3E06EB5C14DC99CD00BA055D /* calendar@2x.png */ = {isa = PBXFileReference; lastKnownFileType = image.png; name = "calendar@2x.png"; path = "resources/calendar@2x.png"; sourceTree = SOURCE_ROOT; };
		3E06EB5F14DC9A6400BA055D /* photos.png */ = {isa = PBXFileReference; lastKnownFileType = image.png; name = photos.png; path = resources/photos.png; sourceTree = SOURCE_ROOT; };
		3E06EB6014DC9A6400BA055D /* photos@2x.png */ = {isa = PBXFileReference; lastKnownFileType = image.png; name = "photos@2x.png"; path = "resources/photos@2x.png"; sourceTree = SOURCE_ROOT; };
		3E2B4F8B14E583890090D948 /* ISPasteboardView.h */ = {isa = PBXFileReference; fileEncoding = 4; lastKnownFileType = sourcecode.c.h; name = ISPasteboardView.h; path = swyp/ISPasteboardView.h; sourceTree = "<group>"; };
		3E2B4F8C14E583890090D948 /* ISPasteboardView.m */ = {isa = PBXFileReference; fileEncoding = 4; lastKnownFileType = sourcecode.c.objc; name = ISPasteboardView.m; path = swyp/ISPasteboardView.m; sourceTree = "<group>"; };
		3E2B4F8E14E58E520090D948 /* ISPasteboardObject.h */ = {isa = PBXFileReference; fileEncoding = 4; lastKnownFileType = sourcecode.c.h; name = ISPasteboardObject.h; path = swyp/ISPasteboardObject.h; sourceTree = "<group>"; };
		3E2B4F8F14E58E520090D948 /* ISPasteboardObject.m */ = {isa = PBXFileReference; fileEncoding = 4; lastKnownFileType = sourcecode.c.objc; name = ISPasteboardObject.m; path = swyp/ISPasteboardObject.m; sourceTree = "<group>"; };
		3E2B4F9114E5CA520090D948 /* AssetsLibrary.framework */ = {isa = PBXFileReference; lastKnownFileType = wrapper.framework; name = AssetsLibrary.framework; path = System/Library/Frameworks/AssetsLibrary.framework; sourceTree = SDKROOT; };
		3E8E300B14EB381A008F08B5 /* handmadepaper@2x.png */ = {isa = PBXFileReference; lastKnownFileType = image.png; name = "handmadepaper@2x.png"; path = "resources/handmadepaper@2x.png"; sourceTree = SOURCE_ROOT; };
		3E9A375414DCB350007B6DD7 /* MobileCoreServices.framework */ = {isa = PBXFileReference; lastKnownFileType = wrapper.framework; name = MobileCoreServices.framework; path = System/Library/Frameworks/MobileCoreServices.framework; sourceTree = SDKROOT; };
		3E9A375F14DCBAC7007B6DD7 /* UIImage+Alpha.h */ = {isa = PBXFileReference; fileEncoding = 4; lastKnownFileType = sourcecode.c.h; path = "UIImage+Alpha.h"; sourceTree = "<group>"; };
		3E9A376014DCBAC7007B6DD7 /* UIImage+Alpha.m */ = {isa = PBXFileReference; fileEncoding = 4; lastKnownFileType = sourcecode.c.objc; path = "UIImage+Alpha.m"; sourceTree = "<group>"; };
		3E9A376114DCBAC7007B6DD7 /* UIImage+Resize.h */ = {isa = PBXFileReference; fileEncoding = 4; lastKnownFileType = sourcecode.c.h; path = "UIImage+Resize.h"; sourceTree = "<group>"; };
		3E9A376214DCBAC7007B6DD7 /* UIImage+Resize.m */ = {isa = PBXFileReference; fileEncoding = 4; lastKnownFileType = sourcecode.c.objc; path = "UIImage+Resize.m"; sourceTree = "<group>"; };
		3E9A376314DCBAC7007B6DD7 /* UIImage+RoundedCorner.h */ = {isa = PBXFileReference; fileEncoding = 4; lastKnownFileType = sourcecode.c.h; path = "UIImage+RoundedCorner.h"; sourceTree = "<group>"; };
		3E9A376414DCBAC7007B6DD7 /* UIImage+RoundedCorner.m */ = {isa = PBXFileReference; fileEncoding = 4; lastKnownFileType = sourcecode.c.objc; path = "UIImage+RoundedCorner.m"; sourceTree = "<group>"; };
		3E9A376B14DCC0E3007B6DD7 /* CoreLocation.framework */ = {isa = PBXFileReference; lastKnownFileType = wrapper.framework; name = CoreLocation.framework; path = System/Library/Frameworks/CoreLocation.framework; sourceTree = SDKROOT; };
		3EC3F0A814DD8BD100BAFD1A /* ISDoodleRecognizingGestureRecognizer.h */ = {isa = PBXFileReference; fileEncoding = 4; lastKnownFileType = sourcecode.c.h; name = ISDoodleRecognizingGestureRecognizer.h; path = swyp/ISDoodleRecognizingGestureRecognizer.h; sourceTree = "<group>"; };
		3EC3F0A914DD8BD100BAFD1A /* ISDoodleRecognizingGestureRecognizer.m */ = {isa = PBXFileReference; fileEncoding = 4; lastKnownFileType = sourcecode.c.objc; name = ISDoodleRecognizingGestureRecognizer.m; path = swyp/ISDoodleRecognizingGestureRecognizer.m; sourceTree = "<group>"; };
		3EC3F0BE14DD9B3600BAFD1A /* NSString+URLEncoding.h */ = {isa = PBXFileReference; fileEncoding = 4; lastKnownFileType = sourcecode.c.h; name = "NSString+URLEncoding.h"; path = "NSString Additions/NSString+URLEncoding.h"; sourceTree = "<group>"; };
		3EC3F0BF14DD9B3600BAFD1A /* NSString+URLEncoding.m */ = {isa = PBXFileReference; fileEncoding = 4; lastKnownFileType = sourcecode.c.objc; name = "NSString+URLEncoding.m"; path = "NSString Additions/NSString+URLEncoding.m"; sourceTree = "<group>"; };
		7932E64414DDD74400E1A017 /* NICellFactory.h */ = {isa = PBXFileReference; fileEncoding = 4; lastKnownFileType = sourcecode.c.h; name = NICellFactory.h; path = nimbus/src/models/src/NICellFactory.h; sourceTree = SOURCE_ROOT; };
		7932E64514DDD74400E1A017 /* NICellFactory.m */ = {isa = PBXFileReference; fileEncoding = 4; lastKnownFileType = sourcecode.c.objc; name = NICellFactory.m; path = nimbus/src/models/src/NICellFactory.m; sourceTree = SOURCE_ROOT; };
		7932E64614DDD74400E1A017 /* NIFormCellCatalog.h */ = {isa = PBXFileReference; fileEncoding = 4; lastKnownFileType = sourcecode.c.h; name = NIFormCellCatalog.h; path = nimbus/src/models/src/NIFormCellCatalog.h; sourceTree = SOURCE_ROOT; };
		7932E64714DDD74400E1A017 /* NIFormCellCatalog.m */ = {isa = PBXFileReference; fileEncoding = 4; lastKnownFileType = sourcecode.c.objc; name = NIFormCellCatalog.m; path = nimbus/src/models/src/NIFormCellCatalog.m; sourceTree = SOURCE_ROOT; };
		7932E64814DDD74400E1A017 /* NimbusModels.h */ = {isa = PBXFileReference; fileEncoding = 4; lastKnownFileType = sourcecode.c.h; name = NimbusModels.h; path = nimbus/src/models/src/NimbusModels.h; sourceTree = SOURCE_ROOT; };
		7932E64914DDD74400E1A017 /* NimbusModels+Namespace.h */ = {isa = PBXFileReference; fileEncoding = 4; lastKnownFileType = sourcecode.c.h; name = "NimbusModels+Namespace.h"; path = "nimbus/src/models/src/NimbusModels+Namespace.h"; sourceTree = SOURCE_ROOT; };
		7932E64A14DDD74400E1A017 /* NITableViewModel.h */ = {isa = PBXFileReference; fileEncoding = 4; lastKnownFileType = sourcecode.c.h; name = NITableViewModel.h; path = nimbus/src/models/src/NITableViewModel.h; sourceTree = SOURCE_ROOT; };
		7932E64B14DDD74400E1A017 /* NITableViewModel.m */ = {isa = PBXFileReference; fileEncoding = 4; lastKnownFileType = sourcecode.c.objc; name = NITableViewModel.m; path = nimbus/src/models/src/NITableViewModel.m; sourceTree = SOURCE_ROOT; };
		7932E64C14DDD74400E1A017 /* NITableViewModel+Private.h */ = {isa = PBXFileReference; fileEncoding = 4; lastKnownFileType = sourcecode.c.h; name = "NITableViewModel+Private.h"; path = "nimbus/src/models/src/NITableViewModel+Private.h"; sourceTree = SOURCE_ROOT; };
		7932E65014DDD75400E1A017 /* NimbusNetworkImage.h */ = {isa = PBXFileReference; fileEncoding = 4; lastKnownFileType = sourcecode.c.h; path = NimbusNetworkImage.h; sourceTree = "<group>"; };
		7932E65114DDD75400E1A017 /* NimbusNetworkImage+Namespace.h */ = {isa = PBXFileReference; fileEncoding = 4; lastKnownFileType = sourcecode.c.h; path = "NimbusNetworkImage+Namespace.h"; sourceTree = "<group>"; };
		7932E65214DDD75400E1A017 /* NINetworkImageRequest.h */ = {isa = PBXFileReference; fileEncoding = 4; lastKnownFileType = sourcecode.c.h; path = NINetworkImageRequest.h; sourceTree = "<group>"; };
		7932E65314DDD75400E1A017 /* NINetworkImageRequest.m */ = {isa = PBXFileReference; fileEncoding = 4; lastKnownFileType = sourcecode.c.objc; path = NINetworkImageRequest.m; sourceTree = "<group>"; };
		7932E65414DDD75400E1A017 /* NINetworkImageView.h */ = {isa = PBXFileReference; fileEncoding = 4; lastKnownFileType = sourcecode.c.h; path = NINetworkImageView.h; sourceTree = "<group>"; };
		7932E65514DDD75400E1A017 /* NINetworkImageView.m */ = {isa = PBXFileReference; fileEncoding = 4; lastKnownFileType = sourcecode.c.objc; path = NINetworkImageView.m; sourceTree = "<group>"; };
		7935171814DDA6DC000E406C /* UIApplication+ISApplicationAddtions.h */ = {isa = PBXFileReference; fileEncoding = 4; lastKnownFileType = sourcecode.c.h; path = "UIApplication+ISApplicationAddtions.h"; sourceTree = "<group>"; };
		7935171914DDA6DC000E406C /* UIApplication+ISApplicationAddtions.m */ = {isa = PBXFileReference; fileEncoding = 4; lastKnownFileType = sourcecode.c.objc; path = "UIApplication+ISApplicationAddtions.m"; sourceTree = "<group>"; };
		79527C7114E0CD06003002AF /* NSDate+Relative.h */ = {isa = PBXFileReference; fileEncoding = 4; lastKnownFileType = sourcecode.c.h; path = "NSDate+Relative.h"; sourceTree = "<group>"; };
		79527C7214E0CD06003002AF /* NSDate+Relative.m */ = {isa = PBXFileReference; fileEncoding = 4; lastKnownFileType = sourcecode.c.objc; path = "NSDate+Relative.m"; sourceTree = "<group>"; };
		79527C8814E36254003002AF /* ISPreviewVC.h */ = {isa = PBXFileReference; fileEncoding = 4; lastKnownFileType = sourcecode.c.h; name = ISPreviewVC.h; path = swyp/ISPreviewVC.h; sourceTree = "<group>"; };
		79527C8914E36254003002AF /* ISPreviewVC.m */ = {isa = PBXFileReference; fileEncoding = 4; lastKnownFileType = sourcecode.c.objc; name = ISPreviewVC.m; path = swyp/ISPreviewVC.m; sourceTree = "<group>"; };
		79527C9514E3692D003002AF /* ISPreviewMapViewVC.h */ = {isa = PBXFileReference; fileEncoding = 4; lastKnownFileType = sourcecode.c.h; name = ISPreviewMapViewVC.h; path = swyp/ISPreviewMapViewVC.h; sourceTree = "<group>"; };
		79527C9614E3692E003002AF /* ISPreviewMapViewVC.m */ = {isa = PBXFileReference; fileEncoding = 4; lastKnownFileType = sourcecode.c.objc; name = ISPreviewMapViewVC.m; path = swyp/ISPreviewMapViewVC.m; sourceTree = "<group>"; };
		79527C9814E36944003002AF /* ISPreviewWebViewVC.h */ = {isa = PBXFileReference; fileEncoding = 4; lastKnownFileType = sourcecode.c.h; name = ISPreviewWebViewVC.h; path = swyp/ISPreviewWebViewVC.h; sourceTree = "<group>"; };
		79527C9914E36944003002AF /* ISPreviewWebViewVC.m */ = {isa = PBXFileReference; fileEncoding = 4; lastKnownFileType = sourcecode.c.objc; name = ISPreviewWebViewVC.m; path = swyp/ISPreviewWebViewVC.m; sourceTree = "<group>"; };
		79527CB914E46FB4003002AF /* previewVCActionButtonsBGTile.png */ = {isa = PBXFileReference; lastKnownFileType = image.png; name = previewVCActionButtonsBGTile.png; path = resources/previewVCActionButtonsBGTile.png; sourceTree = SOURCE_ROOT; };
		7959A53C14E7696700020F6B /* Kal.xcodeproj */ = {isa = PBXFileReference; lastKnownFileType = "wrapper.pb-project"; name = Kal.xcodeproj; path = kal/src/Kal.xcodeproj; sourceTree = "<group>"; };
		7959A55514E769EF00020F6B /* ISTabVC.h */ = {isa = PBXFileReference; fileEncoding = 4; lastKnownFileType = sourcecode.c.h; name = ISTabVC.h; path = swyp/ISTabVC.h; sourceTree = "<group>"; };
		7959A55614E769F000020F6B /* ISTabVC.m */ = {isa = PBXFileReference; fileEncoding = 4; lastKnownFileType = sourcecode.c.objc; name = ISTabVC.m; path = swyp/ISTabVC.m; sourceTree = "<group>"; };
		7959A55814E7729100020F6B /* Kal.bundle */ = {isa = PBXFileReference; lastKnownFileType = "wrapper.plug-in"; name = Kal.bundle; path = ../kal/src/Kal.bundle; sourceTree = "<group>"; };
		7959A56014E779F500020F6B /* ISEventKitDataSource.h */ = {isa = PBXFileReference; fileEncoding = 4; lastKnownFileType = sourcecode.c.h; name = ISEventKitDataSource.h; path = swyp/ISEventKitDataSource.h; sourceTree = "<group>"; };
		7959A56114E779F500020F6B /* ISEventKitDataSource.m */ = {isa = PBXFileReference; fileEncoding = 4; lastKnownFileType = sourcecode.c.objc; name = ISEventKitDataSource.m; path = swyp/ISEventKitDataSource.m; sourceTree = "<group>"; };
		7959A57514E77B8700020F6B /* EventKit.framework */ = {isa = PBXFileReference; lastKnownFileType = wrapper.framework; name = EventKit.framework; path = System/Library/Frameworks/EventKit.framework; sourceTree = SDKROOT; };
		7959A57614E77B8700020F6B /* EventKitUI.framework */ = {isa = PBXFileReference; lastKnownFileType = wrapper.framework; name = EventKitUI.framework; path = System/Library/Frameworks/EventKitUI.framework; sourceTree = SDKROOT; };
		796271CD14DC788200E5D17A /* swyp.app */ = {isa = PBXFileReference; explicitFileType = wrapper.application; includeInIndex = 0; path = swyp.app; sourceTree = BUILT_PRODUCTS_DIR; };
		796271D114DC788200E5D17A /* UIKit.framework */ = {isa = PBXFileReference; lastKnownFileType = wrapper.framework; name = UIKit.framework; path = System/Library/Frameworks/UIKit.framework; sourceTree = SDKROOT; };
		796271D314DC788200E5D17A /* Foundation.framework */ = {isa = PBXFileReference; lastKnownFileType = wrapper.framework; name = Foundation.framework; path = System/Library/Frameworks/Foundation.framework; sourceTree = SDKROOT; };
		796271D514DC788200E5D17A /* CoreGraphics.framework */ = {isa = PBXFileReference; lastKnownFileType = wrapper.framework; name = CoreGraphics.framework; path = System/Library/Frameworks/CoreGraphics.framework; sourceTree = SDKROOT; };
		796271D714DC788200E5D17A /* CoreData.framework */ = {isa = PBXFileReference; lastKnownFileType = wrapper.framework; name = CoreData.framework; path = System/Library/Frameworks/CoreData.framework; sourceTree = SDKROOT; };
		796271DB14DC788200E5D17A /* swyp-Info.plist */ = {isa = PBXFileReference; lastKnownFileType = text.plist.xml; path = "swyp-Info.plist"; sourceTree = "<group>"; };
		796271DD14DC788200E5D17A /* en */ = {isa = PBXFileReference; lastKnownFileType = text.plist.strings; name = en; path = en.lproj/InfoPlist.strings; sourceTree = "<group>"; };
		796271DF14DC788200E5D17A /* main.m */ = {isa = PBXFileReference; lastKnownFileType = sourcecode.c.objc; path = main.m; sourceTree = "<group>"; };
		796271E114DC788200E5D17A /* swyp-Prefix.pch */ = {isa = PBXFileReference; lastKnownFileType = sourcecode.c.h; path = "swyp-Prefix.pch"; sourceTree = "<group>"; };
		796271E214DC788200E5D17A /* ISAppDelegate.h */ = {isa = PBXFileReference; lastKnownFileType = sourcecode.c.h; name = ISAppDelegate.h; path = swyp/ISAppDelegate.h; sourceTree = "<group>"; };
		796271E314DC788200E5D17A /* ISAppDelegate.m */ = {isa = PBXFileReference; lastKnownFileType = sourcecode.c.objc; name = ISAppDelegate.m; path = swyp/ISAppDelegate.m; sourceTree = "<group>"; };
		796271E614DC788200E5D17A /* swyp.xcdatamodel */ = {isa = PBXFileReference; lastKnownFileType = wrapper.xcdatamodel; path = swyp.xcdatamodel; sourceTree = "<group>"; };
		796271F514DC792C00E5D17A /* libSwyp.xcodeproj */ = {isa = PBXFileReference; lastKnownFileType = "wrapper.pb-project"; name = libSwyp.xcodeproj; path = libSwyp/libSwyp/libSwyp.xcodeproj; sourceTree = "<group>"; };
		7962720B14DC79A300E5D17A /* GameKit.framework */ = {isa = PBXFileReference; lastKnownFileType = wrapper.framework; name = GameKit.framework; path = System/Library/Frameworks/GameKit.framework; sourceTree = SDKROOT; };
		7962720C14DC79A300E5D17A /* SystemConfiguration.framework */ = {isa = PBXFileReference; lastKnownFileType = wrapper.framework; name = SystemConfiguration.framework; path = System/Library/Frameworks/SystemConfiguration.framework; sourceTree = SDKROOT; };
		7962720D14DC79A300E5D17A /* CoreFoundation.framework */ = {isa = PBXFileReference; lastKnownFileType = wrapper.framework; name = CoreFoundation.framework; path = System/Library/Frameworks/CoreFoundation.framework; sourceTree = SDKROOT; };
		7962720E14DC79A300E5D17A /* CFNetwork.framework */ = {isa = PBXFileReference; lastKnownFileType = wrapper.framework; name = CFNetwork.framework; path = System/Library/Frameworks/CFNetwork.framework; sourceTree = SDKROOT; };
		7962720F14DC79A300E5D17A /* Security.framework */ = {isa = PBXFileReference; lastKnownFileType = wrapper.framework; name = Security.framework; path = System/Library/Frameworks/Security.framework; sourceTree = SDKROOT; };
		7962726514DC7CD000E5D17A /* ISHistoryScrollVC.h */ = {isa = PBXFileReference; fileEncoding = 4; lastKnownFileType = sourcecode.c.h; name = ISHistoryScrollVC.h; path = swyp/ISHistoryScrollVC.h; sourceTree = "<group>"; };
		7962726814DC7D2700E5D17A /* ISSwypActionSelectorVC.h */ = {isa = PBXFileReference; fileEncoding = 4; lastKnownFileType = sourcecode.c.h; name = ISSwypActionSelectorVC.h; path = swyp/ISSwypActionSelectorVC.h; sourceTree = "<group>"; };
		7962726914DC7D2700E5D17A /* ISSwypActionSelectorVC.m */ = {isa = PBXFileReference; fileEncoding = 4; lastKnownFileType = sourcecode.c.objc; name = ISSwypActionSelectorVC.m; path = swyp/ISSwypActionSelectorVC.m; sourceTree = "<group>"; };
		7962726B14DC802600E5D17A /* ISHistoryScrollVC.m */ = {isa = PBXFileReference; fileEncoding = 4; lastKnownFileType = sourcecode.c.objc; name = ISHistoryScrollVC.m; path = swyp/ISHistoryScrollVC.m; sourceTree = "<group>"; };
		7962727114DC81D100E5D17A /* bluetooth-logo-enabled.png */ = {isa = PBXFileReference; lastKnownFileType = image.png; path = "bluetooth-logo-enabled.png"; sourceTree = "<group>"; };
		7962727214DC81D100E5D17A /* bluetooth-logo-enabled@2x.png */ = {isa = PBXFileReference; lastKnownFileType = image.png; path = "bluetooth-logo-enabled@2x.png"; sourceTree = "<group>"; };
		7962727314DC81D100E5D17A /* connectivity-bluetooth-disabled.png */ = {isa = PBXFileReference; lastKnownFileType = image.png; path = "connectivity-bluetooth-disabled.png"; sourceTree = "<group>"; };
		7962727414DC81D100E5D17A /* connectivity-bluetooth-disabled@2x.png */ = {isa = PBXFileReference; lastKnownFileType = image.png; path = "connectivity-bluetooth-disabled@2x.png"; sourceTree = "<group>"; };
		7962727514DC81D100E5D17A /* connectivity-bluetooth-enabled.png */ = {isa = PBXFileReference; lastKnownFileType = image.png; path = "connectivity-bluetooth-enabled.png"; sourceTree = "<group>"; };
		7962727614DC81D100E5D17A /* connectivity-bluetooth-enabled@2x.png */ = {isa = PBXFileReference; lastKnownFileType = image.png; path = "connectivity-bluetooth-enabled@2x.png"; sourceTree = "<group>"; };
		7962727714DC81D100E5D17A /* connectivity-world-disabled.png */ = {isa = PBXFileReference; lastKnownFileType = image.png; path = "connectivity-world-disabled.png"; sourceTree = "<group>"; };
		7962727814DC81D100E5D17A /* connectivity-world-disabled@2x.png */ = {isa = PBXFileReference; lastKnownFileType = image.png; path = "connectivity-world-disabled@2x.png"; sourceTree = "<group>"; };
		7962727914DC81D100E5D17A /* connectivity-world-enabled.png */ = {isa = PBXFileReference; lastKnownFileType = image.png; path = "connectivity-world-enabled.png"; sourceTree = "<group>"; };
		7962727A14DC81D100E5D17A /* connectivity-world-enabled@2x.png */ = {isa = PBXFileReference; lastKnownFileType = image.png; path = "connectivity-world-enabled@2x.png"; sourceTree = "<group>"; };
		7962727B14DC81D100E5D17A /* swypPromptHud.png */ = {isa = PBXFileReference; lastKnownFileType = image.png; path = swypPromptHud.png; sourceTree = "<group>"; };
		7962727C14DC81D100E5D17A /* swypPromptHud@2x.png */ = {isa = PBXFileReference; lastKnownFileType = image.png; path = "swypPromptHud@2x.png"; sourceTree = "<group>"; };
		7962727D14DC81D100E5D17A /* swypWorkspaceBackground.png */ = {isa = PBXFileReference; lastKnownFileType = image.png; path = swypWorkspaceBackground.png; sourceTree = "<group>"; };
		7962727E14DC81D100E5D17A /* top_curl.png */ = {isa = PBXFileReference; lastKnownFileType = image.png; path = top_curl.png; sourceTree = "<group>"; };
		7962727F14DC81D100E5D17A /* top_curl@2x.png */ = {isa = PBXFileReference; lastKnownFileType = image.png; path = "top_curl@2x.png"; sourceTree = "<group>"; };
		7962728F14DC81DD00E5D17A /* historyBGTile.png */ = {isa = PBXFileReference; lastKnownFileType = image.png; name = historyBGTile.png; path = resources/historyBGTile.png; sourceTree = SOURCE_ROOT; };
		7962729214DC865700E5D17A /* NIBlocks.h */ = {isa = PBXFileReference; fileEncoding = 4; lastKnownFileType = sourcecode.c.h; path = NIBlocks.h; sourceTree = "<group>"; };
		7962729314DC865700E5D17A /* NICommonMetrics.h */ = {isa = PBXFileReference; fileEncoding = 4; lastKnownFileType = sourcecode.c.h; path = NICommonMetrics.h; sourceTree = "<group>"; };
		7962729414DC865700E5D17A /* NICommonMetrics.m */ = {isa = PBXFileReference; fileEncoding = 4; lastKnownFileType = sourcecode.c.objc; path = NICommonMetrics.m; sourceTree = "<group>"; };
		7962729514DC865700E5D17A /* NIDataStructures.h */ = {isa = PBXFileReference; fileEncoding = 4; lastKnownFileType = sourcecode.c.h; path = NIDataStructures.h; sourceTree = "<group>"; };
		7962729614DC865700E5D17A /* NIDataStructures.m */ = {isa = PBXFileReference; fileEncoding = 4; lastKnownFileType = sourcecode.c.objc; path = NIDataStructures.m; sourceTree = "<group>"; };
		7962729714DC865700E5D17A /* NIDebuggingTools.h */ = {isa = PBXFileReference; fileEncoding = 4; lastKnownFileType = sourcecode.c.h; path = NIDebuggingTools.h; sourceTree = "<group>"; };
		7962729814DC865700E5D17A /* NIDebuggingTools.m */ = {isa = PBXFileReference; fileEncoding = 4; lastKnownFileType = sourcecode.c.objc; path = NIDebuggingTools.m; sourceTree = "<group>"; };
		7962729914DC865700E5D17A /* NIDeviceOrientation.h */ = {isa = PBXFileReference; fileEncoding = 4; lastKnownFileType = sourcecode.c.h; path = NIDeviceOrientation.h; sourceTree = "<group>"; };
		7962729A14DC865700E5D17A /* NIDeviceOrientation.m */ = {isa = PBXFileReference; fileEncoding = 4; lastKnownFileType = sourcecode.c.objc; path = NIDeviceOrientation.m; sourceTree = "<group>"; };
		7962729B14DC865700E5D17A /* NIError.h */ = {isa = PBXFileReference; fileEncoding = 4; lastKnownFileType = sourcecode.c.h; path = NIError.h; sourceTree = "<group>"; };
		7962729C14DC865700E5D17A /* NIError.m */ = {isa = PBXFileReference; fileEncoding = 4; lastKnownFileType = sourcecode.c.objc; path = NIError.m; sourceTree = "<group>"; };
		7962729D14DC865700E5D17A /* NIFoundationMethods.h */ = {isa = PBXFileReference; fileEncoding = 4; lastKnownFileType = sourcecode.c.h; path = NIFoundationMethods.h; sourceTree = "<group>"; };
		7962729E14DC865700E5D17A /* NIFoundationMethods.m */ = {isa = PBXFileReference; fileEncoding = 4; lastKnownFileType = sourcecode.c.objc; path = NIFoundationMethods.m; sourceTree = "<group>"; };
		7962729F14DC865700E5D17A /* NIInMemoryCache.h */ = {isa = PBXFileReference; fileEncoding = 4; lastKnownFileType = sourcecode.c.h; path = NIInMemoryCache.h; sourceTree = "<group>"; };
		796272A014DC865700E5D17A /* NIInMemoryCache.m */ = {isa = PBXFileReference; fileEncoding = 4; lastKnownFileType = sourcecode.c.objc; path = NIInMemoryCache.m; sourceTree = "<group>"; };
		796272A114DC865700E5D17A /* NimbusCore+Additions.h */ = {isa = PBXFileReference; fileEncoding = 4; lastKnownFileType = sourcecode.c.h; path = "NimbusCore+Additions.h"; sourceTree = "<group>"; };
		796272A214DC865700E5D17A /* NimbusCore+Namespace.h */ = {isa = PBXFileReference; fileEncoding = 4; lastKnownFileType = sourcecode.c.h; path = "NimbusCore+Namespace.h"; sourceTree = "<group>"; };
		796272A314DC865700E5D17A /* NimbusCore.h */ = {isa = PBXFileReference; fileEncoding = 4; lastKnownFileType = sourcecode.c.h; path = NimbusCore.h; sourceTree = "<group>"; };
		796272A414DC865700E5D17A /* NINavigationAppearance.h */ = {isa = PBXFileReference; fileEncoding = 4; lastKnownFileType = sourcecode.c.h; path = NINavigationAppearance.h; sourceTree = "<group>"; };
		796272A514DC865700E5D17A /* NINavigationAppearance.m */ = {isa = PBXFileReference; fileEncoding = 4; lastKnownFileType = sourcecode.c.objc; path = NINavigationAppearance.m; sourceTree = "<group>"; };
		796272A614DC865700E5D17A /* NINetworkActivity.h */ = {isa = PBXFileReference; fileEncoding = 4; lastKnownFileType = sourcecode.c.h; path = NINetworkActivity.h; sourceTree = "<group>"; };
		796272A714DC865700E5D17A /* NINetworkActivity.m */ = {isa = PBXFileReference; fileEncoding = 4; lastKnownFileType = sourcecode.c.objc; path = NINetworkActivity.m; sourceTree = "<group>"; };
		796272A814DC865700E5D17A /* NINonEmptyCollectionTesting.h */ = {isa = PBXFileReference; fileEncoding = 4; lastKnownFileType = sourcecode.c.h; path = NINonEmptyCollectionTesting.h; sourceTree = "<group>"; };
		796272A914DC865700E5D17A /* NINonEmptyCollectionTesting.m */ = {isa = PBXFileReference; fileEncoding = 4; lastKnownFileType = sourcecode.c.objc; path = NINonEmptyCollectionTesting.m; sourceTree = "<group>"; };
		796272AA14DC865700E5D17A /* NINonRetainingCollections.h */ = {isa = PBXFileReference; fileEncoding = 4; lastKnownFileType = sourcecode.c.h; path = NINonRetainingCollections.h; sourceTree = "<group>"; };
		796272AB14DC865700E5D17A /* NINonRetainingCollections.m */ = {isa = PBXFileReference; fileEncoding = 4; lastKnownFileType = sourcecode.c.objc; path = NINonRetainingCollections.m; sourceTree = "<group>"; };
		796272AC14DC865700E5D17A /* NIOperations+Subclassing.h */ = {isa = PBXFileReference; fileEncoding = 4; lastKnownFileType = sourcecode.c.h; path = "NIOperations+Subclassing.h"; sourceTree = "<group>"; };
		796272AD14DC865700E5D17A /* NIOperations.h */ = {isa = PBXFileReference; fileEncoding = 4; lastKnownFileType = sourcecode.c.h; path = NIOperations.h; sourceTree = "<group>"; };
		796272AE14DC865700E5D17A /* NIOperations.m */ = {isa = PBXFileReference; fileEncoding = 4; lastKnownFileType = sourcecode.c.objc; path = NIOperations.m; sourceTree = "<group>"; };
		796272AF14DC865700E5D17A /* NIPaths.h */ = {isa = PBXFileReference; fileEncoding = 4; lastKnownFileType = sourcecode.c.h; path = NIPaths.h; sourceTree = "<group>"; };
		796272B014DC865700E5D17A /* NIPaths.m */ = {isa = PBXFileReference; fileEncoding = 4; lastKnownFileType = sourcecode.c.objc; path = NIPaths.m; sourceTree = "<group>"; };
		796272B114DC865700E5D17A /* NIPreprocessorMacros.h */ = {isa = PBXFileReference; fileEncoding = 4; lastKnownFileType = sourcecode.c.h; path = NIPreprocessorMacros.h; sourceTree = "<group>"; };
		796272B214DC865700E5D17A /* NIRuntimeClassModifications.h */ = {isa = PBXFileReference; fileEncoding = 4; lastKnownFileType = sourcecode.c.h; path = NIRuntimeClassModifications.h; sourceTree = "<group>"; };
		796272B314DC865700E5D17A /* NIRuntimeClassModifications.m */ = {isa = PBXFileReference; fileEncoding = 4; lastKnownFileType = sourcecode.c.objc; path = NIRuntimeClassModifications.m; sourceTree = "<group>"; };
		796272B414DC865700E5D17A /* NISDKAvailability.h */ = {isa = PBXFileReference; fileEncoding = 4; lastKnownFileType = sourcecode.c.h; path = NISDKAvailability.h; sourceTree = "<group>"; };
		796272B514DC865700E5D17A /* NISDKAvailability.m */ = {isa = PBXFileReference; fileEncoding = 4; lastKnownFileType = sourcecode.c.objc; path = NISDKAvailability.m; sourceTree = "<group>"; };
		796272B614DC865700E5D17A /* NIState.h */ = {isa = PBXFileReference; fileEncoding = 4; lastKnownFileType = sourcecode.c.h; path = NIState.h; sourceTree = "<group>"; };
		796272B714DC865700E5D17A /* NIState.m */ = {isa = PBXFileReference; fileEncoding = 4; lastKnownFileType = sourcecode.c.objc; path = NIState.m; sourceTree = "<group>"; };
		796272B814DC865700E5D17A /* NIViewRecycler.h */ = {isa = PBXFileReference; fileEncoding = 4; lastKnownFileType = sourcecode.c.h; path = NIViewRecycler.h; sourceTree = "<group>"; };
		796272B914DC865700E5D17A /* NIViewRecycler.m */ = {isa = PBXFileReference; fileEncoding = 4; lastKnownFileType = sourcecode.c.objc; path = NIViewRecycler.m; sourceTree = "<group>"; };
		796272BA14DC865700E5D17A /* NSData+NimbusCore.h */ = {isa = PBXFileReference; fileEncoding = 4; lastKnownFileType = sourcecode.c.h; path = "NSData+NimbusCore.h"; sourceTree = "<group>"; };
		796272BB14DC865700E5D17A /* NSData+NimbusCore.m */ = {isa = PBXFileReference; fileEncoding = 4; lastKnownFileType = sourcecode.c.objc; path = "NSData+NimbusCore.m"; sourceTree = "<group>"; };
		796272BC14DC865700E5D17A /* NSString+NimbusCore.h */ = {isa = PBXFileReference; fileEncoding = 4; lastKnownFileType = sourcecode.c.h; path = "NSString+NimbusCore.h"; sourceTree = "<group>"; };
		796272BD14DC865700E5D17A /* NSString+NimbusCore.m */ = {isa = PBXFileReference; fileEncoding = 4; lastKnownFileType = sourcecode.c.objc; path = "NSString+NimbusCore.m"; sourceTree = "<group>"; };
		796272BE14DC865700E5D17A /* UIView+NimbusCore.h */ = {isa = PBXFileReference; fileEncoding = 4; lastKnownFileType = sourcecode.c.h; path = "UIView+NimbusCore.h"; sourceTree = "<group>"; };
		796272BF14DC865700E5D17A /* UIView+NimbusCore.m */ = {isa = PBXFileReference; fileEncoding = 4; lastKnownFileType = sourcecode.c.objc; path = "UIView+NimbusCore.m"; sourceTree = "<group>"; };
		7962735314DCBF3500E5D17A /* ISHistoryCell.h */ = {isa = PBXFileReference; fileEncoding = 4; lastKnownFileType = sourcecode.c.h; name = ISHistoryCell.h; path = swyp/ISHistoryCell.h; sourceTree = "<group>"; };
		7962735414DCBF3500E5D17A /* ISHistoryCell.m */ = {isa = PBXFileReference; fileEncoding = 4; lastKnownFileType = sourcecode.c.objc; name = ISHistoryCell.m; path = swyp/ISHistoryCell.m; sourceTree = "<group>"; };
		79925D5D14E6C34900FE2412 /* ISSwypHistoryItem.h */ = {isa = PBXFileReference; fileEncoding = 4; lastKnownFileType = sourcecode.c.h; name = ISSwypHistoryItem.h; path = swyp/ISSwypHistoryItem.h; sourceTree = "<group>"; };
		79925D5E14E6C34900FE2412 /* ISSwypHistoryItem.m */ = {isa = PBXFileReference; fileEncoding = 4; lastKnownFileType = sourcecode.c.objc; name = ISSwypHistoryItem.m; path = swyp/ISSwypHistoryItem.m; sourceTree = "<group>"; };
		79F213EA14E6B37D00442CD2 /* UIWindow+ISUXAddons.h */ = {isa = PBXFileReference; fileEncoding = 4; lastKnownFileType = sourcecode.c.h; path = "UIWindow+ISUXAddons.h"; sourceTree = "<group>"; };
		79F213EB14E6B37D00442CD2 /* UIWindow+ISUXAddons.m */ = {isa = PBXFileReference; fileEncoding = 4; lastKnownFileType = sourcecode.c.objc; path = "UIWindow+ISUXAddons.m"; sourceTree = "<group>"; };
/* End PBXFileReference section */

/* Begin PBXFrameworksBuildPhase section */
		796271CA14DC788200E5D17A /* Frameworks */ = {
			isa = PBXFrameworksBuildPhase;
			buildActionMask = 2147483647;
			files = (
				7959A54714E7698100020F6B /* libKal.a in Frameworks */,
				7962720A14DC799000E5D17A /* liblibSwyp.a in Frameworks */,
				7959A57914E77B9B00020F6B /* EventKit.framework in Frameworks */,
				7959A57A14E77B9B00020F6B /* EventKitUI.framework in Frameworks */,
				3E2B4F9314E5CA620090D948 /* AssetsLibrary.framework in Frameworks */,
				3E9A376D14DCC0EB007B6DD7 /* CoreLocation.framework in Frameworks */,
				3E9A375614DCB377007B6DD7 /* MobileCoreServices.framework in Frameworks */,
				796271D214DC788200E5D17A /* UIKit.framework in Frameworks */,
				796271D414DC788200E5D17A /* Foundation.framework in Frameworks */,
				796271D614DC788200E5D17A /* CoreGraphics.framework in Frameworks */,
				796271D814DC788200E5D17A /* CoreData.framework in Frameworks */,
				7962721014DC79A300E5D17A /* GameKit.framework in Frameworks */,
				7962721114DC79A300E5D17A /* SystemConfiguration.framework in Frameworks */,
				7962721214DC79A300E5D17A /* CoreFoundation.framework in Frameworks */,
				7962721314DC79A300E5D17A /* CFNetwork.framework in Frameworks */,
				7962721414DC79A300E5D17A /* Security.framework in Frameworks */,
			);
			runOnlyForDeploymentPostprocessing = 0;
		};
/* End PBXFrameworksBuildPhase section */

/* Begin PBXGroup section */
		3E06EB4314DC89DE00BA055D /* Tab Bar */ = {
			isa = PBXGroup;
			children = (
				3E06EB4414DC8A3300BA055D /* ISPasteboardVC.h */,
				3E06EB4514DC8A3300BA055D /* ISPasteboardVC.m */,
				3E2B4F8B14E583890090D948 /* ISPasteboardView.h */,
				3E2B4F8C14E583890090D948 /* ISPasteboardView.m */,
				3E2B4F8E14E58E520090D948 /* ISPasteboardObject.h */,
				3E2B4F8F14E58E520090D948 /* ISPasteboardObject.m */,
				3E06EB4B14DC939100BA055D /* ISContactVC.h */,
				3E06EB4C14DC939100BA055D /* ISContactVC.m */,
				3E06EB5414DC940400BA055D /* ISCalendarVC.h */,
				3E06EB5514DC940400BA055D /* ISCalendarVC.m */,
				7959A55514E769EF00020F6B /* ISTabVC.h */,
				7959A55614E769F000020F6B /* ISTabVC.m */,
			);
			name = "Tab Bar";
			sourceTree = "<group>";
		};
		3E9A375714DCB93C007B6DD7 /* Additions */ = {
			isa = PBXGroup;
			children = (
				79527C7114E0CD06003002AF /* NSDate+Relative.h */,
				79527C7214E0CD06003002AF /* NSDate+Relative.m */,
				3EC3F0BD14DD9B0600BAFD1A /* NSString Additions */,
				3E9A375E14DCBAC7007B6DD7 /* UIImage Additions */,
				7935171814DDA6DC000E406C /* UIApplication+ISApplicationAddtions.h */,
				7935171914DDA6DC000E406C /* UIApplication+ISApplicationAddtions.m */,
				79F213EA14E6B37D00442CD2 /* UIWindow+ISUXAddons.h */,
				79F213EB14E6B37D00442CD2 /* UIWindow+ISUXAddons.m */,
			);
			name = Additions;
			sourceTree = "<group>";
		};
		3E9A375E14DCBAC7007B6DD7 /* UIImage Additions */ = {
			isa = PBXGroup;
			children = (
				3E9A375F14DCBAC7007B6DD7 /* UIImage+Alpha.h */,
				3E9A376014DCBAC7007B6DD7 /* UIImage+Alpha.m */,
				3E9A376114DCBAC7007B6DD7 /* UIImage+Resize.h */,
				3E9A376214DCBAC7007B6DD7 /* UIImage+Resize.m */,
				3E9A376314DCBAC7007B6DD7 /* UIImage+RoundedCorner.h */,
				3E9A376414DCBAC7007B6DD7 /* UIImage+RoundedCorner.m */,
			);
			path = "UIImage Additions";
			sourceTree = "<group>";
		};
		3EC3F0B414DD902A00BAFD1A /* network image src */ = {
			isa = PBXGroup;
			children = (
				7932E65014DDD75400E1A017 /* NimbusNetworkImage.h */,
				7932E65114DDD75400E1A017 /* NimbusNetworkImage+Namespace.h */,
				7932E65214DDD75400E1A017 /* NINetworkImageRequest.h */,
				7932E65314DDD75400E1A017 /* NINetworkImageRequest.m */,
				7932E65414DDD75400E1A017 /* NINetworkImageView.h */,
				7932E65514DDD75400E1A017 /* NINetworkImageView.m */,
			);
			name = "network image src";
			path = nimbus/src/networkimage/src;
			sourceTree = SOURCE_ROOT;
		};
		3EC3F0BD14DD9B0600BAFD1A /* NSString Additions */ = {
			isa = PBXGroup;
			children = (
				3EC3F0BE14DD9B3600BAFD1A /* NSString+URLEncoding.h */,
				3EC3F0BF14DD9B3600BAFD1A /* NSString+URLEncoding.m */,
			);
			name = "NSString Additions";
			sourceTree = "<group>";
		};
		79527C7414E0CE7B003002AF /* App Icons */ = {
			isa = PBXGroup;
			children = (
			);
			name = "App Icons";
			sourceTree = "<group>";
		};
		79527C8714E3620F003002AF /* history item preview */ = {
			isa = PBXGroup;
			children = (
				79527C8814E36254003002AF /* ISPreviewVC.h */,
				79527C8914E36254003002AF /* ISPreviewVC.m */,
				79527C9514E3692D003002AF /* ISPreviewMapViewVC.h */,
				79527C9614E3692E003002AF /* ISPreviewMapViewVC.m */,
				79527C9814E36944003002AF /* ISPreviewWebViewVC.h */,
				79527C9914E36944003002AF /* ISPreviewWebViewVC.m */,
			);
			name = "history item preview";
			sourceTree = "<group>";
		};
		7959A53D14E7696700020F6B /* Products */ = {
			isa = PBXGroup;
			children = (
				7959A54414E7696800020F6B /* libKal.a */,
			);
			name = Products;
			sourceTree = "<group>";
		};
		796271C214DC788200E5D17A = {
			isa = PBXGroup;
			children = (
				796271F414DC790300E5D17A /* External Frameworks */,
				796271D914DC788200E5D17A /* swyp */,
				796271D014DC788200E5D17A /* Frameworks */,
				796271CE14DC788200E5D17A /* Products */,
			);
			sourceTree = "<group>";
		};
		796271CE14DC788200E5D17A /* Products */ = {
			isa = PBXGroup;
			children = (
				796271CD14DC788200E5D17A /* swyp.app */,
			);
			name = Products;
			sourceTree = "<group>";
		};
		796271D014DC788200E5D17A /* Frameworks */ = {
			isa = PBXGroup;
			children = (
				7959A57514E77B8700020F6B /* EventKit.framework */,
				7959A57614E77B8700020F6B /* EventKitUI.framework */,
				3E2B4F9114E5CA520090D948 /* AssetsLibrary.framework */,
				3E9A376B14DCC0E3007B6DD7 /* CoreLocation.framework */,
				3E9A375414DCB350007B6DD7 /* MobileCoreServices.framework */,
				7962720B14DC79A300E5D17A /* GameKit.framework */,
				7962720C14DC79A300E5D17A /* SystemConfiguration.framework */,
				7962720D14DC79A300E5D17A /* CoreFoundation.framework */,
				7962720E14DC79A300E5D17A /* CFNetwork.framework */,
				7962720F14DC79A300E5D17A /* Security.framework */,
				796271D114DC788200E5D17A /* UIKit.framework */,
				796271D314DC788200E5D17A /* Foundation.framework */,
				796271D514DC788200E5D17A /* CoreGraphics.framework */,
				796271D714DC788200E5D17A /* CoreData.framework */,
			);
			name = Frameworks;
			sourceTree = "<group>";
		};
		796271D914DC788200E5D17A /* swyp */ = {
			isa = PBXGroup;
			children = (
				3E9A375714DCB93C007B6DD7 /* Additions */,
				796271F314DC790100E5D17A /* View Controllers */,
				796271F114DC78FF00E5D17A /* Logic */,
				7962726D14DC818A00E5D17A /* Resources */,
				796271DA14DC788200E5D17A /* Supporting Files */,
			);
			path = swyp;
			sourceTree = "<group>";
		};
		796271DA14DC788200E5D17A /* Supporting Files */ = {
			isa = PBXGroup;
			children = (
				796271DB14DC788200E5D17A /* swyp-Info.plist */,
				796271DC14DC788200E5D17A /* InfoPlist.strings */,
				796271DF14DC788200E5D17A /* main.m */,
				796271E114DC788200E5D17A /* swyp-Prefix.pch */,
			);
			name = "Supporting Files";
			sourceTree = "<group>";
		};
		796271F114DC78FF00E5D17A /* Logic */ = {
			isa = PBXGroup;
			children = (
				7959A56014E779F500020F6B /* ISEventKitDataSource.h */,
				7959A56114E779F500020F6B /* ISEventKitDataSource.m */,
				79925D5D14E6C34900FE2412 /* ISSwypHistoryItem.h */,
				79925D5E14E6C34900FE2412 /* ISSwypHistoryItem.m */,
				796271E214DC788200E5D17A /* ISAppDelegate.h */,
				796271E314DC788200E5D17A /* ISAppDelegate.m */,
				796271E514DC788200E5D17A /* swyp.xcdatamodeld */,
			);
			name = Logic;
			path = ..;
			sourceTree = "<group>";
		};
		796271F314DC790100E5D17A /* View Controllers */ = {
			isa = PBXGroup;
			children = (
				7962726814DC7D2700E5D17A /* ISSwypActionSelectorVC.h */,
				7962726914DC7D2700E5D17A /* ISSwypActionSelectorVC.m */,
				79527C8714E3620F003002AF /* history item preview */,
				7962735014DCBF0E00E5D17A /* History View */,
				3E06EB4314DC89DE00BA055D /* Tab Bar */,
			);
			name = "View Controllers";
			path = ..;
			sourceTree = "<group>";
		};
		796271F414DC790300E5D17A /* External Frameworks */ = {
			isa = PBXGroup;
			children = (
				7959A53C14E7696700020F6B /* Kal.xcodeproj */,
				7962721514DC7A3D00E5D17A /* Nimbus */,
				796271F514DC792C00E5D17A /* libSwyp.xcodeproj */,
			);
			name = "External Frameworks";
			sourceTree = "<group>";
		};
		796271F614DC792C00E5D17A /* Products */ = {
			isa = PBXGroup;
			children = (
				796271FD14DC792C00E5D17A /* liblibSwyp.a */,
			);
			name = Products;
			sourceTree = "<group>";
		};
		7962721514DC7A3D00E5D17A /* Nimbus */ = {
			isa = PBXGroup;
			children = (
				3EC3F0B414DD902A00BAFD1A /* network image src */,
				796272D414DC887500E5D17A /* model src */,
				7962729114DC865700E5D17A /* core src */,
			);
			name = Nimbus;
			sourceTree = SOURCE_ROOT;
		};
		7962726D14DC818A00E5D17A /* Resources */ = {
			isa = PBXGroup;
			children = (
				3E8E300B14EB381A008F08B5 /* handmadepaper@2x.png */,
				7959A55814E7729100020F6B /* Kal.bundle */,
				79527C7414E0CE7B003002AF /* App Icons */,
				3E06EB5F14DC9A6400BA055D /* photos.png */,
				3E06EB6014DC9A6400BA055D /* photos@2x.png */,
				3E06EB5B14DC99CD00BA055D /* calendar.png */,
				3E06EB5C14DC99CD00BA055D /* calendar@2x.png */,
				3E06EB5714DC94CF00BA055D /* user.png */,
				3E06EB5814DC94CF00BA055D /* user@2x.png */,
				3E06EB4714DC8CA100BA055D /* paperclip.png */,
				3E06EB4814DC8CA100BA055D /* paperclip@2x.png */,
				7962728F14DC81DD00E5D17A /* historyBGTile.png */,
				79527CB914E46FB4003002AF /* previewVCActionButtonsBGTile.png */,
				7962727014DC81D100E5D17A /* swypBundleResources */,
			);
			name = Resources;
			sourceTree = "<group>";
		};
		7962727014DC81D100E5D17A /* swypBundleResources */ = {
			isa = PBXGroup;
			children = (
				7962727114DC81D100E5D17A /* bluetooth-logo-enabled.png */,
				7962727214DC81D100E5D17A /* bluetooth-logo-enabled@2x.png */,
				7962727314DC81D100E5D17A /* connectivity-bluetooth-disabled.png */,
				7962727414DC81D100E5D17A /* connectivity-bluetooth-disabled@2x.png */,
				7962727514DC81D100E5D17A /* connectivity-bluetooth-enabled.png */,
				7962727614DC81D100E5D17A /* connectivity-bluetooth-enabled@2x.png */,
				7962727714DC81D100E5D17A /* connectivity-world-disabled.png */,
				7962727814DC81D100E5D17A /* connectivity-world-disabled@2x.png */,
				7962727914DC81D100E5D17A /* connectivity-world-enabled.png */,
				7962727A14DC81D100E5D17A /* connectivity-world-enabled@2x.png */,
				7962727B14DC81D100E5D17A /* swypPromptHud.png */,
				7962727C14DC81D100E5D17A /* swypPromptHud@2x.png */,
				7962727D14DC81D100E5D17A /* swypWorkspaceBackground.png */,
				7962727E14DC81D100E5D17A /* top_curl.png */,
				7962727F14DC81D100E5D17A /* top_curl@2x.png */,
			);
			name = swypBundleResources;
			path = libSwyp/swypBundleResources;
			sourceTree = SOURCE_ROOT;
		};
		7962729114DC865700E5D17A /* core src */ = {
			isa = PBXGroup;
			children = (
				7962729214DC865700E5D17A /* NIBlocks.h */,
				7962729314DC865700E5D17A /* NICommonMetrics.h */,
				7962729414DC865700E5D17A /* NICommonMetrics.m */,
				7962729514DC865700E5D17A /* NIDataStructures.h */,
				7962729614DC865700E5D17A /* NIDataStructures.m */,
				7962729714DC865700E5D17A /* NIDebuggingTools.h */,
				7962729814DC865700E5D17A /* NIDebuggingTools.m */,
				7962729914DC865700E5D17A /* NIDeviceOrientation.h */,
				7962729A14DC865700E5D17A /* NIDeviceOrientation.m */,
				7962729B14DC865700E5D17A /* NIError.h */,
				7962729C14DC865700E5D17A /* NIError.m */,
				7962729D14DC865700E5D17A /* NIFoundationMethods.h */,
				7962729E14DC865700E5D17A /* NIFoundationMethods.m */,
				7962729F14DC865700E5D17A /* NIInMemoryCache.h */,
				796272A014DC865700E5D17A /* NIInMemoryCache.m */,
				796272A114DC865700E5D17A /* NimbusCore+Additions.h */,
				796272A214DC865700E5D17A /* NimbusCore+Namespace.h */,
				796272A314DC865700E5D17A /* NimbusCore.h */,
				796272A414DC865700E5D17A /* NINavigationAppearance.h */,
				796272A514DC865700E5D17A /* NINavigationAppearance.m */,
				796272A614DC865700E5D17A /* NINetworkActivity.h */,
				796272A714DC865700E5D17A /* NINetworkActivity.m */,
				796272A814DC865700E5D17A /* NINonEmptyCollectionTesting.h */,
				796272A914DC865700E5D17A /* NINonEmptyCollectionTesting.m */,
				796272AA14DC865700E5D17A /* NINonRetainingCollections.h */,
				796272AB14DC865700E5D17A /* NINonRetainingCollections.m */,
				796272AC14DC865700E5D17A /* NIOperations+Subclassing.h */,
				796272AD14DC865700E5D17A /* NIOperations.h */,
				796272AE14DC865700E5D17A /* NIOperations.m */,
				796272AF14DC865700E5D17A /* NIPaths.h */,
				796272B014DC865700E5D17A /* NIPaths.m */,
				796272B114DC865700E5D17A /* NIPreprocessorMacros.h */,
				796272B214DC865700E5D17A /* NIRuntimeClassModifications.h */,
				796272B314DC865700E5D17A /* NIRuntimeClassModifications.m */,
				796272B414DC865700E5D17A /* NISDKAvailability.h */,
				796272B514DC865700E5D17A /* NISDKAvailability.m */,
				796272B614DC865700E5D17A /* NIState.h */,
				796272B714DC865700E5D17A /* NIState.m */,
				796272B814DC865700E5D17A /* NIViewRecycler.h */,
				796272B914DC865700E5D17A /* NIViewRecycler.m */,
				796272BA14DC865700E5D17A /* NSData+NimbusCore.h */,
				796272BB14DC865700E5D17A /* NSData+NimbusCore.m */,
				796272BC14DC865700E5D17A /* NSString+NimbusCore.h */,
				796272BD14DC865700E5D17A /* NSString+NimbusCore.m */,
				796272BE14DC865700E5D17A /* UIView+NimbusCore.h */,
				796272BF14DC865700E5D17A /* UIView+NimbusCore.m */,
			);
			name = "core src";
			path = nimbus/src/core/src;
			sourceTree = "<group>";
		};
		796272D414DC887500E5D17A /* model src */ = {
			isa = PBXGroup;
			children = (
				7932E64414DDD74400E1A017 /* NICellFactory.h */,
				7932E64514DDD74400E1A017 /* NICellFactory.m */,
				7932E64614DDD74400E1A017 /* NIFormCellCatalog.h */,
				7932E64714DDD74400E1A017 /* NIFormCellCatalog.m */,
				7932E64814DDD74400E1A017 /* NimbusModels.h */,
				7932E64914DDD74400E1A017 /* NimbusModels+Namespace.h */,
				7932E64A14DDD74400E1A017 /* NITableViewModel.h */,
				7932E64B14DDD74400E1A017 /* NITableViewModel.m */,
				7932E64C14DDD74400E1A017 /* NITableViewModel+Private.h */,
			);
			name = "model src";
			path = nimbus/src/networkimage/src;
			sourceTree = SOURCE_ROOT;
		};
		7962735014DCBF0E00E5D17A /* History View */ = {
			isa = PBXGroup;
			children = (
				7962726514DC7CD000E5D17A /* ISHistoryScrollVC.h */,
				7962726B14DC802600E5D17A /* ISHistoryScrollVC.m */,
				3EC3F0A814DD8BD100BAFD1A /* ISDoodleRecognizingGestureRecognizer.h */,
				3EC3F0A914DD8BD100BAFD1A /* ISDoodleRecognizingGestureRecognizer.m */,
				7962735314DCBF3500E5D17A /* ISHistoryCell.h */,
				7962735414DCBF3500E5D17A /* ISHistoryCell.m */,
			);
			name = "History View";
			sourceTree = "<group>";
		};
/* End PBXGroup section */

/* Begin PBXNativeTarget section */
		796271CC14DC788200E5D17A /* swyp */ = {
			isa = PBXNativeTarget;
			buildConfigurationList = 796271EA14DC788200E5D17A /* Build configuration list for PBXNativeTarget "swyp" */;
			buildPhases = (
				796271C914DC788200E5D17A /* Sources */,
				796271CA14DC788200E5D17A /* Frameworks */,
				796271CB14DC788200E5D17A /* Resources */,
			);
			buildRules = (
			);
			dependencies = (
				7959A54614E7697C00020F6B /* PBXTargetDependency */,
				7962720914DC798800E5D17A /* PBXTargetDependency */,
			);
			name = swyp;
			productName = swyp;
			productReference = 796271CD14DC788200E5D17A /* swyp.app */;
			productType = "com.apple.product-type.application";
		};
/* End PBXNativeTarget section */

/* Begin PBXProject section */
		796271C414DC788200E5D17A /* Project object */ = {
			isa = PBXProject;
			attributes = {
				LastUpgradeCheck = 0420;
				ORGANIZATIONNAME = ExoMachina;
			};
			buildConfigurationList = 796271C714DC788200E5D17A /* Build configuration list for PBXProject "swyp" */;
			compatibilityVersion = "Xcode 3.2";
			developmentRegion = English;
			hasScannedForEncodings = 0;
			knownRegions = (
				en,
			);
			mainGroup = 796271C214DC788200E5D17A;
			productRefGroup = 796271CE14DC788200E5D17A /* Products */;
			projectDirPath = "";
			projectReferences = (
				{
					ProductGroup = 7959A53D14E7696700020F6B /* Products */;
					ProjectRef = 7959A53C14E7696700020F6B /* Kal.xcodeproj */;
				},
				{
					ProductGroup = 796271F614DC792C00E5D17A /* Products */;
					ProjectRef = 796271F514DC792C00E5D17A /* libSwyp.xcodeproj */;
				},
			);
			projectRoot = "";
			targets = (
				796271CC14DC788200E5D17A /* swyp */,
			);
		};
/* End PBXProject section */

/* Begin PBXReferenceProxy section */
		7959A54414E7696800020F6B /* libKal.a */ = {
			isa = PBXReferenceProxy;
			fileType = archive.ar;
			path = libKal.a;
			remoteRef = 7959A54314E7696800020F6B /* PBXContainerItemProxy */;
			sourceTree = BUILT_PRODUCTS_DIR;
		};
		796271FD14DC792C00E5D17A /* liblibSwyp.a */ = {
			isa = PBXReferenceProxy;
			fileType = archive.ar;
			path = liblibSwyp.a;
			remoteRef = 796271FC14DC792C00E5D17A /* PBXContainerItemProxy */;
			sourceTree = BUILT_PRODUCTS_DIR;
		};
/* End PBXReferenceProxy section */

/* Begin PBXResourcesBuildPhase section */
		796271CB14DC788200E5D17A /* Resources */ = {
			isa = PBXResourcesBuildPhase;
			buildActionMask = 2147483647;
			files = (
				796271DE14DC788200E5D17A /* InfoPlist.strings in Resources */,
				7962728014DC81D100E5D17A /* bluetooth-logo-enabled.png in Resources */,
				7962728114DC81D100E5D17A /* bluetooth-logo-enabled@2x.png in Resources */,
				7962728214DC81D100E5D17A /* connectivity-bluetooth-disabled.png in Resources */,
				7962728314DC81D100E5D17A /* connectivity-bluetooth-disabled@2x.png in Resources */,
				7962728414DC81D100E5D17A /* connectivity-bluetooth-enabled.png in Resources */,
				7962728514DC81D100E5D17A /* connectivity-bluetooth-enabled@2x.png in Resources */,
				7962728614DC81D100E5D17A /* connectivity-world-disabled.png in Resources */,
				7962728714DC81D100E5D17A /* connectivity-world-disabled@2x.png in Resources */,
				7962728814DC81D100E5D17A /* connectivity-world-enabled.png in Resources */,
				7962728914DC81D100E5D17A /* connectivity-world-enabled@2x.png in Resources */,
				7962728A14DC81D100E5D17A /* swypPromptHud.png in Resources */,
				7962728B14DC81D100E5D17A /* swypPromptHud@2x.png in Resources */,
				7962728C14DC81D100E5D17A /* swypWorkspaceBackground.png in Resources */,
				7962728D14DC81D100E5D17A /* top_curl.png in Resources */,
				7962728E14DC81D100E5D17A /* top_curl@2x.png in Resources */,
				7962729014DC81DD00E5D17A /* historyBGTile.png in Resources */,
				3E06EB4914DC8CA100BA055D /* paperclip.png in Resources */,
				3E06EB4A14DC8CA100BA055D /* paperclip@2x.png in Resources */,
				3E06EB5914DC94CF00BA055D /* user.png in Resources */,
				3E06EB5A14DC94CF00BA055D /* user@2x.png in Resources */,
				3E06EB5D14DC99CD00BA055D /* calendar.png in Resources */,
				3E06EB5E14DC99CD00BA055D /* calendar@2x.png in Resources */,
				3E06EB6114DC9A6400BA055D /* photos.png in Resources */,
				3E06EB6214DC9A6400BA055D /* photos@2x.png in Resources */,
				79527CBA14E46FB4003002AF /* previewVCActionButtonsBGTile.png in Resources */,
				7959A55914E7729100020F6B /* Kal.bundle in Resources */,
				3E8E300C14EB381A008F08B5 /* handmadepaper@2x.png in Resources */,
			);
			runOnlyForDeploymentPostprocessing = 0;
		};
/* End PBXResourcesBuildPhase section */

/* Begin PBXSourcesBuildPhase section */
		796271C914DC788200E5D17A /* Sources */ = {
			isa = PBXSourcesBuildPhase;
			buildActionMask = 2147483647;
			files = (
				796271E014DC788200E5D17A /* main.m in Sources */,
				79925D6014E6C35E00FE2412 /* ISSwypHistoryItem.h in Sources */,
				79925D5F14E6C34900FE2412 /* ISSwypHistoryItem.m in Sources */,
				796271E414DC788200E5D17A /* ISAppDelegate.m in Sources */,
				796271E714DC788200E5D17A /* swyp.xcdatamodeld in Sources */,
				7962726A14DC7D2700E5D17A /* ISSwypActionSelectorVC.m in Sources */,
				7962726C14DC802600E5D17A /* ISHistoryScrollVC.m in Sources */,
				3E06EB4614DC8A3300BA055D /* ISPasteboardVC.m in Sources */,
				3E06EB4D14DC939100BA055D /* ISContactVC.m in Sources */,
				3E06EB5614DC940400BA055D /* ISCalendarVC.m in Sources */,
				3E9A376514DCBAC7007B6DD7 /* UIImage+Alpha.m in Sources */,
				3E9A376614DCBAC7007B6DD7 /* UIImage+Resize.m in Sources */,
				3E9A376714DCBAC7007B6DD7 /* UIImage+RoundedCorner.m in Sources */,
				7962735E14DCBF3500E5D17A /* ISHistoryCell.m in Sources */,
				3EC3F0AA14DD8BD100BAFD1A /* ISDoodleRecognizingGestureRecognizer.m in Sources */,
				7935171A14DDA6DC000E406C /* UIApplication+ISApplicationAddtions.m in Sources */,
				3EC3F0C014DD9B3600BAFD1A /* NSString+URLEncoding.m in Sources */,
				793517D314DDD6EB000E406C /* NIBlocks.h in Sources */,
				793517D414DDD6EB000E406C /* NICommonMetrics.h in Sources */,
				793517D514DDD6EB000E406C /* NICommonMetrics.m in Sources */,
				793517D614DDD6EB000E406C /* NIDataStructures.h in Sources */,
				793517D714DDD6EB000E406C /* NIDataStructures.m in Sources */,
				793517D814DDD6EB000E406C /* NIDebuggingTools.h in Sources */,
				793517D914DDD6EB000E406C /* NIDebuggingTools.m in Sources */,
				793517DA14DDD6EB000E406C /* NIDeviceOrientation.h in Sources */,
				793517DB14DDD6EB000E406C /* NIDeviceOrientation.m in Sources */,
				793517DC14DDD6EB000E406C /* NIError.h in Sources */,
				793517DD14DDD6EB000E406C /* NIError.m in Sources */,
				793517DE14DDD6EB000E406C /* NIFoundationMethods.h in Sources */,
				793517DF14DDD6EB000E406C /* NIFoundationMethods.m in Sources */,
				793517E014DDD6EB000E406C /* NIInMemoryCache.h in Sources */,
				793517E114DDD6EB000E406C /* NIInMemoryCache.m in Sources */,
				793517E214DDD6EB000E406C /* NimbusCore+Additions.h in Sources */,
				793517E314DDD6EB000E406C /* NimbusCore+Namespace.h in Sources */,
				793517E414DDD6EB000E406C /* NimbusCore.h in Sources */,
				793517E514DDD6EB000E406C /* NINavigationAppearance.h in Sources */,
				793517E614DDD6EB000E406C /* NINavigationAppearance.m in Sources */,
				793517E714DDD6EB000E406C /* NINetworkActivity.h in Sources */,
				793517E814DDD6EB000E406C /* NINetworkActivity.m in Sources */,
				793517E914DDD6EB000E406C /* NINonEmptyCollectionTesting.h in Sources */,
				793517EA14DDD6EB000E406C /* NINonEmptyCollectionTesting.m in Sources */,
				793517EB14DDD6EB000E406C /* NINonRetainingCollections.h in Sources */,
				793517EC14DDD6EB000E406C /* NINonRetainingCollections.m in Sources */,
				793517ED14DDD6EB000E406C /* NIOperations+Subclassing.h in Sources */,
				793517EE14DDD6EB000E406C /* NIOperations.h in Sources */,
				793517EF14DDD6EB000E406C /* NIOperations.m in Sources */,
				793517F014DDD6EB000E406C /* NIPaths.h in Sources */,
				793517F114DDD6EB000E406C /* NIPaths.m in Sources */,
				793517F214DDD6EB000E406C /* NIPreprocessorMacros.h in Sources */,
				793517F314DDD6EB000E406C /* NIRuntimeClassModifications.h in Sources */,
				793517F414DDD6EB000E406C /* NIRuntimeClassModifications.m in Sources */,
				793517F514DDD6EB000E406C /* NISDKAvailability.h in Sources */,
				793517F614DDD6EB000E406C /* NISDKAvailability.m in Sources */,
				793517F714DDD6EB000E406C /* NIState.h in Sources */,
				793517F814DDD6EB000E406C /* NIState.m in Sources */,
				793517F914DDD6EB000E406C /* NIViewRecycler.h in Sources */,
				793517FA14DDD6EB000E406C /* NIViewRecycler.m in Sources */,
				793517FB14DDD6EB000E406C /* NSData+NimbusCore.h in Sources */,
				793517FC14DDD6EB000E406C /* NSData+NimbusCore.m in Sources */,
				793517FD14DDD6EB000E406C /* NSString+NimbusCore.h in Sources */,
				793517FE14DDD6EB000E406C /* NSString+NimbusCore.m in Sources */,
				793517FF14DDD6EB000E406C /* UIView+NimbusCore.h in Sources */,
				7935180014DDD6EB000E406C /* UIView+NimbusCore.m in Sources */,
				7932E64D14DDD74400E1A017 /* NICellFactory.m in Sources */,
				7932E64E14DDD74400E1A017 /* NIFormCellCatalog.m in Sources */,
				7932E64F14DDD74400E1A017 /* NITableViewModel.m in Sources */,
				7932E65614DDD75400E1A017 /* NINetworkImageRequest.m in Sources */,
				7932E65714DDD75400E1A017 /* NINetworkImageView.m in Sources */,
				79527C7314E0CD06003002AF /* NSDate+Relative.m in Sources */,
				79527C8A14E36254003002AF /* ISPreviewVC.m in Sources */,
				79527C9714E3692E003002AF /* ISPreviewMapViewVC.m in Sources */,
				79527C9A14E36945003002AF /* ISPreviewWebViewVC.m in Sources */,
				79F213EC14E6B37D00442CD2 /* UIWindow+ISUXAddons.m in Sources */,
				3E2B4F8D14E583890090D948 /* ISPasteboardView.m in Sources */,
				3E2B4F9014E58E530090D948 /* ISPasteboardObject.m in Sources */,
				7959A55714E769F000020F6B /* ISTabVC.m in Sources */,
				7959A56214E779F500020F6B /* ISEventKitDataSource.m in Sources */,
			);
			runOnlyForDeploymentPostprocessing = 0;
		};
/* End PBXSourcesBuildPhase section */

/* Begin PBXTargetDependency section */
		7959A54614E7697C00020F6B /* PBXTargetDependency */ = {
			isa = PBXTargetDependency;
			name = Kal;
			targetProxy = 7959A54514E7697C00020F6B /* PBXContainerItemProxy */;
		};
		7962720914DC798800E5D17A /* PBXTargetDependency */ = {
			isa = PBXTargetDependency;
			name = libSwyp;
			targetProxy = 7962720814DC798800E5D17A /* PBXContainerItemProxy */;
		};
/* End PBXTargetDependency section */

/* Begin PBXVariantGroup section */
		796271DC14DC788200E5D17A /* InfoPlist.strings */ = {
			isa = PBXVariantGroup;
			children = (
				796271DD14DC788200E5D17A /* en */,
			);
			name = InfoPlist.strings;
			sourceTree = "<group>";
		};
/* End PBXVariantGroup section */

/* Begin XCBuildConfiguration section */
		796271E814DC788200E5D17A /* Debug */ = {
			isa = XCBuildConfiguration;
			buildSettings = {
				ALWAYS_SEARCH_USER_PATHS = NO;
				ARCHS = "$(ARCHS_STANDARD_32_BIT)";
				"CODE_SIGN_IDENTITY[sdk=iphoneos*]" = "iPhone Developer";
				COPY_PHASE_STRIP = NO;
				GCC_C_LANGUAGE_STANDARD = gnu99;
				GCC_DYNAMIC_NO_PIC = NO;
				GCC_OPTIMIZATION_LEVEL = 0;
				GCC_PREPROCESSOR_DEFINITIONS = (
					"DEBUG=1",
					"$(inherited)",
				);
				GCC_SYMBOLS_PRIVATE_EXTERN = NO;
				GCC_VERSION = com.apple.compilers.llvm.clang.1_0;
				GCC_WARN_ABOUT_MISSING_PROTOTYPES = YES;
				GCC_WARN_ABOUT_RETURN_TYPE = YES;
				GCC_WARN_UNUSED_VARIABLE = YES;
				IPHONEOS_DEPLOYMENT_TARGET = 5.0;
				SDKROOT = iphoneos;
				TARGETED_DEVICE_FAMILY = "1,2";
			};
			name = Debug;
		};
		796271E914DC788200E5D17A /* Release */ = {
			isa = XCBuildConfiguration;
			buildSettings = {
				ALWAYS_SEARCH_USER_PATHS = NO;
				ARCHS = "$(ARCHS_STANDARD_32_BIT)";
				"CODE_SIGN_IDENTITY[sdk=iphoneos*]" = "iPhone Developer";
				COPY_PHASE_STRIP = YES;
				GCC_C_LANGUAGE_STANDARD = gnu99;
				GCC_VERSION = com.apple.compilers.llvm.clang.1_0;
				GCC_WARN_ABOUT_MISSING_PROTOTYPES = YES;
				GCC_WARN_ABOUT_RETURN_TYPE = YES;
				GCC_WARN_UNUSED_VARIABLE = YES;
				IPHONEOS_DEPLOYMENT_TARGET = 5.0;
				OTHER_CFLAGS = "-DNS_BLOCK_ASSERTIONS=1";
				SDKROOT = iphoneos;
				TARGETED_DEVICE_FAMILY = "1,2";
				VALIDATE_PRODUCT = YES;
			};
			name = Release;
		};
		796271EB14DC788200E5D17A /* Debug */ = {
			isa = XCBuildConfiguration;
			buildSettings = {
				CLANG_ENABLE_OBJC_ARC = YES;
				CLANG_WARN_OBJCPP_ARC_ABI = YES;
				GCC_PRECOMPILE_PREFIX_HEADER = YES;
				GCC_PREFIX_HEADER = "swyp/swyp-Prefix.pch";
				HEADER_SEARCH_PATHS = (
					"\"$(SRCROOT)/libSwyp\"/**",
					"\"$(SRCROOT)/kal\"/**",
				);
				INFOPLIST_FILE = "swyp/swyp-Info.plist";
				IPHONEOS_DEPLOYMENT_TARGET = 4.2;
				OTHER_LDFLAGS = "-ObjC";
				PRODUCT_NAME = "$(TARGET_NAME)";
				WRAPPER_EXTENSION = app;
			};
			name = Debug;
		};
		796271EC14DC788200E5D17A /* Release */ = {
			isa = XCBuildConfiguration;
			buildSettings = {
				CLANG_ENABLE_OBJC_ARC = YES;
				CLANG_WARN_OBJCPP_ARC_ABI = YES;
				GCC_PRECOMPILE_PREFIX_HEADER = YES;
				GCC_PREFIX_HEADER = "swyp/swyp-Prefix.pch";
				HEADER_SEARCH_PATHS = (
					"\"$(SRCROOT)/libSwyp\"/**",
					"\"$(SRCROOT)/kal\"/**",
				);
				INFOPLIST_FILE = "swyp/swyp-Info.plist";
				IPHONEOS_DEPLOYMENT_TARGET = 4.2;
				OTHER_LDFLAGS = "-ObjC";
				PRODUCT_NAME = "$(TARGET_NAME)";
				WRAPPER_EXTENSION = app;
			};
			name = Release;
		};
/* End XCBuildConfiguration section */

/* Begin XCConfigurationList section */
		796271C714DC788200E5D17A /* Build configuration list for PBXProject "swyp" */ = {
			isa = XCConfigurationList;
			buildConfigurations = (
				796271E814DC788200E5D17A /* Debug */,
				796271E914DC788200E5D17A /* Release */,
			);
			defaultConfigurationIsVisible = 0;
			defaultConfigurationName = Release;
		};
		796271EA14DC788200E5D17A /* Build configuration list for PBXNativeTarget "swyp" */ = {
			isa = XCConfigurationList;
			buildConfigurations = (
				796271EB14DC788200E5D17A /* Debug */,
				796271EC14DC788200E5D17A /* Release */,
			);
			defaultConfigurationIsVisible = 0;
			defaultConfigurationName = Release;
		};
/* End XCConfigurationList section */

/* Begin XCVersionGroup section */
		796271E514DC788200E5D17A /* swyp.xcdatamodeld */ = {
			isa = XCVersionGroup;
			children = (
				796271E614DC788200E5D17A /* swyp.xcdatamodel */,
			);
			currentVersion = 796271E614DC788200E5D17A /* swyp.xcdatamodel */;
			name = swyp.xcdatamodeld;
			path = swyp/swyp.xcdatamodeld;
			sourceTree = "<group>";
			versionGroupType = wrapper.xcdatamodel;
		};
/* End XCVersionGroup section */
	};
	rootObject = 796271C414DC788200E5D17A /* Project object */;
}
