// !$*UTF8*$!
{
	archiveVersion = 1;
	classes = {
	};
	objectVersion = 46;
	objects = {

/* Begin PBXBuildFile section */
		7962718414DC685900E5D17A /* UIKit.framework in Frameworks */ = {isa = PBXBuildFile; fileRef = 7962718314DC685900E5D17A /* UIKit.framework */; };
		7962718614DC685900E5D17A /* Foundation.framework in Frameworks */ = {isa = PBXBuildFile; fileRef = 7962718514DC685900E5D17A /* Foundation.framework */; };
		7962718814DC685900E5D17A /* CoreGraphics.framework in Frameworks */ = {isa = PBXBuildFile; fileRef = 7962718714DC685900E5D17A /* CoreGraphics.framework */; };
		7962718A14DC685900E5D17A /* CoreData.framework in Frameworks */ = {isa = PBXBuildFile; fileRef = 7962718914DC685900E5D17A /* CoreData.framework */; };
		7962719014DC685900E5D17A /* InfoPlist.strings in Resources */ = {isa = PBXBuildFile; fileRef = 7962718E14DC685900E5D17A /* InfoPlist.strings */; };
		7962719214DC685900E5D17A /* main.m in Sources */ = {isa = PBXBuildFile; fileRef = 7962719114DC685900E5D17A /* main.m */; };
		7962719614DC685900E5D17A /* ISAppDelegate.m in Sources */ = {isa = PBXBuildFile; fileRef = 7962719514DC685900E5D17A /* ISAppDelegate.m */; };
		7962719914DC685900E5D17A /* swyp.xcdatamodeld in Sources */ = {isa = PBXBuildFile; fileRef = 7962719714DC685900E5D17A /* swyp.xcdatamodeld */; };
		796271AF14DC6BE300E5D17A /* liblibSwyp.a in Frameworks */ = {isa = PBXBuildFile; fileRef = 796271AC14DC6BBB00E5D17A /* liblibSwyp.a */; };
		796271B514DC6C9B00E5D17A /* GameKit.framework in Frameworks */ = {isa = PBXBuildFile; fileRef = 796271B014DC6C9B00E5D17A /* GameKit.framework */; };
		796271B614DC6C9B00E5D17A /* SystemConfiguration.framework in Frameworks */ = {isa = PBXBuildFile; fileRef = 796271B114DC6C9B00E5D17A /* SystemConfiguration.framework */; };
		796271B714DC6C9B00E5D17A /* CoreFoundation.framework in Frameworks */ = {isa = PBXBuildFile; fileRef = 796271B214DC6C9B00E5D17A /* CoreFoundation.framework */; };
		796271B814DC6C9B00E5D17A /* CFNetwork.framework in Frameworks */ = {isa = PBXBuildFile; fileRef = 796271B314DC6C9B00E5D17A /* CFNetwork.framework */; };
		796271B914DC6C9B00E5D17A /* Security.framework in Frameworks */ = {isa = PBXBuildFile; fileRef = 796271B414DC6C9B00E5D17A /* Security.framework */; };
/* End PBXBuildFile section */

/* Begin PBXContainerItemProxy section */
		796271AB14DC6BBB00E5D17A /* PBXContainerItemProxy */ = {
			isa = PBXContainerItemProxy;
			containerPortal = 796271A414DC6BBA00E5D17A /* libSwyp.xcodeproj */;
			proxyType = 2;
			remoteGlobalIDString = D2AAC07E0554694100DB518D;
			remoteInfo = libSwyp;
		};
		796271AD14DC6BDB00E5D17A /* PBXContainerItemProxy */ = {
			isa = PBXContainerItemProxy;
			containerPortal = 796271A414DC6BBA00E5D17A /* libSwyp.xcodeproj */;
			proxyType = 1;
			remoteGlobalIDString = D2AAC07D0554694100DB518D;
			remoteInfo = libSwyp;
		};
/* End PBXContainerItemProxy section */

/* Begin PBXFileReference section */
		7962717F14DC685900E5D17A /* swyp.app */ = {isa = PBXFileReference; explicitFileType = wrapper.application; includeInIndex = 0; path = swyp.app; sourceTree = BUILT_PRODUCTS_DIR; };
		7962718314DC685900E5D17A /* UIKit.framework */ = {isa = PBXFileReference; lastKnownFileType = wrapper.framework; name = UIKit.framework; path = System/Library/Frameworks/UIKit.framework; sourceTree = SDKROOT; };
		7962718514DC685900E5D17A /* Foundation.framework */ = {isa = PBXFileReference; lastKnownFileType = wrapper.framework; name = Foundation.framework; path = System/Library/Frameworks/Foundation.framework; sourceTree = SDKROOT; };
		7962718714DC685900E5D17A /* CoreGraphics.framework */ = {isa = PBXFileReference; lastKnownFileType = wrapper.framework; name = CoreGraphics.framework; path = System/Library/Frameworks/CoreGraphics.framework; sourceTree = SDKROOT; };
		7962718914DC685900E5D17A /* CoreData.framework */ = {isa = PBXFileReference; lastKnownFileType = wrapper.framework; name = CoreData.framework; path = System/Library/Frameworks/CoreData.framework; sourceTree = SDKROOT; };
		7962718D14DC685900E5D17A /* swyp-Info.plist */ = {isa = PBXFileReference; lastKnownFileType = text.plist.xml; path = "swyp-Info.plist"; sourceTree = "<group>"; };
		7962718F14DC685900E5D17A /* en */ = {isa = PBXFileReference; lastKnownFileType = text.plist.strings; name = en; path = en.lproj/InfoPlist.strings; sourceTree = "<group>"; };
		7962719114DC685900E5D17A /* main.m */ = {isa = PBXFileReference; lastKnownFileType = sourcecode.c.objc; path = main.m; sourceTree = "<group>"; };
		7962719314DC685900E5D17A /* swyp-Prefix.pch */ = {isa = PBXFileReference; lastKnownFileType = sourcecode.c.h; path = "swyp-Prefix.pch"; sourceTree = "<group>"; };
		7962719414DC685900E5D17A /* ISAppDelegate.h */ = {isa = PBXFileReference; lastKnownFileType = sourcecode.c.h; path = ISAppDelegate.h; sourceTree = "<group>"; };
		7962719514DC685900E5D17A /* ISAppDelegate.m */ = {isa = PBXFileReference; lastKnownFileType = sourcecode.c.objc; path = ISAppDelegate.m; sourceTree = "<group>"; };
		7962719814DC685900E5D17A /* swyp.xcdatamodel */ = {isa = PBXFileReference; lastKnownFileType = wrapper.xcdatamodel; path = swyp.xcdatamodel; sourceTree = "<group>"; };
		796271A414DC6BBA00E5D17A /* libSwyp.xcodeproj */ = {isa = PBXFileReference; lastKnownFileType = "wrapper.pb-project"; name = libSwyp.xcodeproj; path = libSwyp/libSwyp/libSwyp.xcodeproj; sourceTree = SOURCE_ROOT; };
		796271B014DC6C9B00E5D17A /* GameKit.framework */ = {isa = PBXFileReference; lastKnownFileType = wrapper.framework; name = GameKit.framework; path = System/Library/Frameworks/GameKit.framework; sourceTree = SDKROOT; };
		796271B114DC6C9B00E5D17A /* SystemConfiguration.framework */ = {isa = PBXFileReference; lastKnownFileType = wrapper.framework; name = SystemConfiguration.framework; path = System/Library/Frameworks/SystemConfiguration.framework; sourceTree = SDKROOT; };
		796271B214DC6C9B00E5D17A /* CoreFoundation.framework */ = {isa = PBXFileReference; lastKnownFileType = wrapper.framework; name = CoreFoundation.framework; path = System/Library/Frameworks/CoreFoundation.framework; sourceTree = SDKROOT; };
		796271B314DC6C9B00E5D17A /* CFNetwork.framework */ = {isa = PBXFileReference; lastKnownFileType = wrapper.framework; name = CFNetwork.framework; path = System/Library/Frameworks/CFNetwork.framework; sourceTree = SDKROOT; };
		796271B414DC6C9B00E5D17A /* Security.framework */ = {isa = PBXFileReference; lastKnownFileType = wrapper.framework; name = Security.framework; path = System/Library/Frameworks/Security.framework; sourceTree = SDKROOT; };
/* End PBXFileReference section */

/* Begin PBXFrameworksBuildPhase section */
		7962717C14DC685900E5D17A /* Frameworks */ = {
			isa = PBXFrameworksBuildPhase;
			buildActionMask = 2147483647;
			files = (
				796271AF14DC6BE300E5D17A /* liblibSwyp.a in Frameworks */,
				7962718414DC685900E5D17A /* UIKit.framework in Frameworks */,
				7962718614DC685900E5D17A /* Foundation.framework in Frameworks */,
				7962718814DC685900E5D17A /* CoreGraphics.framework in Frameworks */,
				7962718A14DC685900E5D17A /* CoreData.framework in Frameworks */,
				796271B514DC6C9B00E5D17A /* GameKit.framework in Frameworks */,
				796271B614DC6C9B00E5D17A /* SystemConfiguration.framework in Frameworks */,
				796271B714DC6C9B00E5D17A /* CoreFoundation.framework in Frameworks */,
				796271B814DC6C9B00E5D17A /* CFNetwork.framework in Frameworks */,
				796271B914DC6C9B00E5D17A /* Security.framework in Frameworks */,
			);
			runOnlyForDeploymentPostprocessing = 0;
		};
/* End PBXFrameworksBuildPhase section */

/* Begin PBXGroup section */
		7962717414DC685900E5D17A = {
			isa = PBXGroup;
			children = (
				7962718B14DC685900E5D17A /* swyp */,
				7962718214DC685900E5D17A /* Frameworks */,
				7962718014DC685900E5D17A /* Products */,
			);
			sourceTree = "<group>";
		};
		7962718014DC685900E5D17A /* Products */ = {
			isa = PBXGroup;
			children = (
				7962717F14DC685900E5D17A /* swyp.app */,
			);
			name = Products;
			sourceTree = "<group>";
		};
		7962718214DC685900E5D17A /* Frameworks */ = {
			isa = PBXGroup;
			children = (
				796271B014DC6C9B00E5D17A /* GameKit.framework */,
				796271B114DC6C9B00E5D17A /* SystemConfiguration.framework */,
				796271B214DC6C9B00E5D17A /* CoreFoundation.framework */,
				796271B314DC6C9B00E5D17A /* CFNetwork.framework */,
				796271B414DC6C9B00E5D17A /* Security.framework */,
				7962718314DC685900E5D17A /* UIKit.framework */,
				7962718514DC685900E5D17A /* Foundation.framework */,
				7962718714DC685900E5D17A /* CoreGraphics.framework */,
				7962718914DC685900E5D17A /* CoreData.framework */,
			);
			name = Frameworks;
			sourceTree = "<group>";
		};
		7962718B14DC685900E5D17A /* swyp */ = {
			isa = PBXGroup;
			children = (
				796271A414DC6BBA00E5D17A /* libSwyp.xcodeproj */,
				7962719414DC685900E5D17A /* ISAppDelegate.h */,
				7962719514DC685900E5D17A /* ISAppDelegate.m */,
				7962719714DC685900E5D17A /* swyp.xcdatamodeld */,
				7962718C14DC685900E5D17A /* Supporting Files */,
			);
			path = swyp;
			sourceTree = "<group>";
		};
		7962718C14DC685900E5D17A /* Supporting Files */ = {
			isa = PBXGroup;
			children = (
				7962718D14DC685900E5D17A /* swyp-Info.plist */,
				7962718E14DC685900E5D17A /* InfoPlist.strings */,
				7962719114DC685900E5D17A /* main.m */,
				7962719314DC685900E5D17A /* swyp-Prefix.pch */,
			);
			name = "Supporting Files";
			sourceTree = "<group>";
		};
		796271A514DC6BBB00E5D17A /* Products */ = {
			isa = PBXGroup;
			children = (
				796271AC14DC6BBB00E5D17A /* liblibSwyp.a */,
			);
			name = Products;
			sourceTree = "<group>";
		};
/* End PBXGroup section */

/* Begin PBXNativeTarget section */
		7962717E14DC685900E5D17A /* swyp */ = {
			isa = PBXNativeTarget;
			buildConfigurationList = 7962719C14DC685900E5D17A /* Build configuration list for PBXNativeTarget "swyp" */;
			buildPhases = (
				7962717B14DC685900E5D17A /* Sources */,
				7962717C14DC685900E5D17A /* Frameworks */,
				7962717D14DC685900E5D17A /* Resources */,
			);
			buildRules = (
			);
			dependencies = (
				796271AE14DC6BDB00E5D17A /* PBXTargetDependency */,
			);
			name = swyp;
			productName = swyp;
			productReference = 7962717F14DC685900E5D17A /* swyp.app */;
			productType = "com.apple.product-type.application";
		};
/* End PBXNativeTarget section */

/* Begin PBXProject section */
		7962717614DC685900E5D17A /* Project object */ = {
			isa = PBXProject;
			attributes = {
				LastUpgradeCheck = 0420;
				ORGANIZATIONNAME = ExoMachina;
			};
			buildConfigurationList = 7962717914DC685900E5D17A /* Build configuration list for PBXProject "swyp" */;
			compatibilityVersion = "Xcode 3.2";
			developmentRegion = English;
			hasScannedForEncodings = 0;
			knownRegions = (
				en,
			);
			mainGroup = 7962717414DC685900E5D17A;
			productRefGroup = 7962718014DC685900E5D17A /* Products */;
			projectDirPath = "";
			projectReferences = (
				{
					ProductGroup = 796271A514DC6BBB00E5D17A /* Products */;
					ProjectRef = 796271A414DC6BBA00E5D17A /* libSwyp.xcodeproj */;
				},
			);
			projectRoot = "";
			targets = (
				7962717E14DC685900E5D17A /* swyp */,
			);
		};
/* End PBXProject section */

/* Begin PBXReferenceProxy section */
		796271AC14DC6BBB00E5D17A /* liblibSwyp.a */ = {
			isa = PBXReferenceProxy;
			fileType = archive.ar;
			path = liblibSwyp.a;
			remoteRef = 796271AB14DC6BBB00E5D17A /* PBXContainerItemProxy */;
			sourceTree = BUILT_PRODUCTS_DIR;
		};
/* End PBXReferenceProxy section */

/* Begin PBXResourcesBuildPhase section */
		7962717D14DC685900E5D17A /* Resources */ = {
			isa = PBXResourcesBuildPhase;
			buildActionMask = 2147483647;
			files = (
				7962719014DC685900E5D17A /* InfoPlist.strings in Resources */,
			);
			runOnlyForDeploymentPostprocessing = 0;
		};
/* End PBXResourcesBuildPhase section */

/* Begin PBXSourcesBuildPhase section */
		7962717B14DC685900E5D17A /* Sources */ = {
			isa = PBXSourcesBuildPhase;
			buildActionMask = 2147483647;
			files = (
				7962719214DC685900E5D17A /* main.m in Sources */,
				7962719614DC685900E5D17A /* ISAppDelegate.m in Sources */,
				7962719914DC685900E5D17A /* swyp.xcdatamodeld in Sources */,
			);
			runOnlyForDeploymentPostprocessing = 0;
		};
/* End PBXSourcesBuildPhase section */

/* Begin PBXTargetDependency section */
		796271AE14DC6BDB00E5D17A /* PBXTargetDependency */ = {
			isa = PBXTargetDependency;
			name = libSwyp;
			targetProxy = 796271AD14DC6BDB00E5D17A /* PBXContainerItemProxy */;
		};
/* End PBXTargetDependency section */

/* Begin PBXVariantGroup section */
		7962718E14DC685900E5D17A /* InfoPlist.strings */ = {
			isa = PBXVariantGroup;
			children = (
				7962718F14DC685900E5D17A /* en */,
			);
			name = InfoPlist.strings;
			sourceTree = "<group>";
		};
/* End PBXVariantGroup section */

/* Begin XCBuildConfiguration section */
		7962719A14DC685900E5D17A /* Debug */ = {
			isa = XCBuildConfiguration;
			buildSettings = {
				ALWAYS_SEARCH_USER_PATHS = NO;
				ARCHS = "$(ARCHS_STANDARD_32_BIT)";
				CLANG_ENABLE_OBJC_ARC = YES;
				"CODE_SIGN_IDENTITY[sdk=iphoneos*]" = "iPhone Developer";
				COPY_PHASE_STRIP = NO;
				GCC_C_LANGUAGE_STANDARD = gnu99;
				GCC_DYNAMIC_NO_PIC = NO;
				GCC_OPTIMIZATION_LEVEL = 0;
				GCC_PREPROCESSOR_DEFINITIONS = (
					"DEBUG=1",
					"$(inherited)",
				);
				GCC_SYMBOLS_PRIVATE_EXTERN = NO;
				GCC_VERSION = com.apple.compilers.llvm.clang.1_0;
				GCC_WARN_ABOUT_MISSING_PROTOTYPES = YES;
				GCC_WARN_ABOUT_RETURN_TYPE = YES;
				GCC_WARN_UNUSED_VARIABLE = YES;
				IPHONEOS_DEPLOYMENT_TARGET = 5.0;
				SDKROOT = iphoneos;
				TARGETED_DEVICE_FAMILY = "1,2";
			};
			name = Debug;
		};
		7962719B14DC685900E5D17A /* Release */ = {
			isa = XCBuildConfiguration;
			buildSettings = {
				ALWAYS_SEARCH_USER_PATHS = NO;
				ARCHS = "$(ARCHS_STANDARD_32_BIT)";
				CLANG_ENABLE_OBJC_ARC = YES;
				"CODE_SIGN_IDENTITY[sdk=iphoneos*]" = "iPhone Developer";
				COPY_PHASE_STRIP = YES;
				GCC_C_LANGUAGE_STANDARD = gnu99;
				GCC_VERSION = com.apple.compilers.llvm.clang.1_0;
				GCC_WARN_ABOUT_MISSING_PROTOTYPES = YES;
				GCC_WARN_ABOUT_RETURN_TYPE = YES;
				GCC_WARN_UNUSED_VARIABLE = YES;
				IPHONEOS_DEPLOYMENT_TARGET = 5.0;
				OTHER_CFLAGS = "-DNS_BLOCK_ASSERTIONS=1";
				SDKROOT = iphoneos;
				TARGETED_DEVICE_FAMILY = "1,2";
				VALIDATE_PRODUCT = YES;
			};
			name = Release;
		};
		7962719D14DC685900E5D17A /* Debug */ = {
			isa = XCBuildConfiguration;
			buildSettings = {
				GCC_PRECOMPILE_PREFIX_HEADER = YES;
				GCC_PREFIX_HEADER = "swyp/swyp-Prefix.pch";
				HEADER_SEARCH_PATHS = "\"$(SRCROOT)/libSwyp\"";
				INFOPLIST_FILE = "swyp/swyp-Info.plist";
				OTHER_LDFLAGS = "-ObjC";
				PRODUCT_NAME = "$(TARGET_NAME)";
				WRAPPER_EXTENSION = app;
			};
			name = Debug;
		};
		7962719E14DC685900E5D17A /* Release */ = {
			isa = XCBuildConfiguration;
			buildSettings = {
				GCC_PRECOMPILE_PREFIX_HEADER = YES;
				GCC_PREFIX_HEADER = "swyp/swyp-Prefix.pch";
				HEADER_SEARCH_PATHS = "\"$(SRCROOT)/libSwyp\"";
				INFOPLIST_FILE = "swyp/swyp-Info.plist";
				OTHER_LDFLAGS = "-ObjC";
				PRODUCT_NAME = "$(TARGET_NAME)";
				WRAPPER_EXTENSION = app;
			};
			name = Release;
		};
/* End XCBuildConfiguration section */

/* Begin XCConfigurationList section */
		7962717914DC685900E5D17A /* Build configuration list for PBXProject "swyp" */ = {
			isa = XCConfigurationList;
			buildConfigurations = (
				7962719A14DC685900E5D17A /* Debug */,
				7962719B14DC685900E5D17A /* Release */,
			);
			defaultConfigurationIsVisible = 0;
			defaultConfigurationName = Release;
		};
		7962719C14DC685900E5D17A /* Build configuration list for PBXNativeTarget "swyp" */ = {
			isa = XCConfigurationList;
			buildConfigurations = (
				7962719D14DC685900E5D17A /* Debug */,
				7962719E14DC685900E5D17A /* Release */,
			);
			defaultConfigurationIsVisible = 0;
			defaultConfigurationName = Release;
		};
/* End XCConfigurationList section */

/* Begin XCVersionGroup section */
		7962719714DC685900E5D17A /* swyp.xcdatamodeld */ = {
			isa = XCVersionGroup;
			children = (
				7962719814DC685900E5D17A /* swyp.xcdatamodel */,
			);
			currentVersion = 7962719814DC685900E5D17A /* swyp.xcdatamodel */;
			path = swyp.xcdatamodeld;
			sourceTree = "<group>";
			versionGroupType = wrapper.xcdatamodel;
		};
/* End XCVersionGroup section */
	};
	rootObject = 7962717614DC685900E5D17A /* Project object */;
}
